// !$*UTF8*$!
{
	archiveVersion = 1;
	classes = {
	};
	objectVersion = 46;
	objects = {

/* Begin PBXBuildFile section */
		A9577D9018EEF4EC0093E906 /* emergency-icon.png in Resources */ = {isa = PBXBuildFile; fileRef = A9577D8F18EEF4EC0093E906 /* emergency-icon.png */; };
		A9577D9318EEF7A00093E906 /* detalleContradiccionHome.m in Sources */ = {isa = PBXBuildFile; fileRef = A9577D9218EEF7A00093E906 /* detalleContradiccionHome.m */; };
		A9CD60CF18ED99770054F851 /* alucilogenas.png in Resources */ = {isa = PBXBuildFile; fileRef = A9CD60AF18ED99770054F851 /* alucilogenas.png */; };
		A9CD60D018ED99770054F851 /* APOYATE.png in Resources */ = {isa = PBXBuildFile; fileRef = A9CD60B018ED99770054F851 /* APOYATE.png */; };
		A9CD60D118ED99770054F851 /* CONTR.jpg in Resources */ = {isa = PBXBuildFile; fileRef = A9CD60B118ED99770054F851 /* CONTR.jpg */; };
		A9CD60D218ED99770054F851 /* drogas.png in Resources */ = {isa = PBXBuildFile; fileRef = A9CD60B218ED99770054F851 /* drogas.png */; };
		A9CD60D318ED99770054F851 /* efectos.png in Resources */ = {isa = PBXBuildFile; fileRef = A9CD60B318ED99770054F851 /* efectos.png */; };
		A9CD60D418ED99770054F851 /* efectos2.png in Resources */ = {isa = PBXBuildFile; fileRef = A9CD60B418ED99770054F851 /* efectos2.png */; };
		A9CD60D518ED99770054F851 /* emergentes.png in Resources */ = {isa = PBXBuildFile; fileRef = A9CD60B518ED99770054F851 /* emergentes.png */; };
		A9CD60D618ED99770054F851 /* estadi.png in Resources */ = {isa = PBXBuildFile; fileRef = A9CD60B618ED99770054F851 /* estadi.png */; };
		A9CD60D718ED99770054F851 /* estimulantes.png in Resources */ = {isa = PBXBuildFile; fileRef = A9CD60B718ED99770054F851 /* estimulantes.png */; };
		A9CD60D818ED99770054F851 /* evolution.png in Resources */ = {isa = PBXBuildFile; fileRef = A9CD60B818ED99770054F851 /* evolution.png */; };
		A9CD60D918ED99770054F851 /* evolution300.png in Resources */ = {isa = PBXBuildFile; fileRef = A9CD60B918ED99770054F851 /* evolution300.png */; };
		A9CD60DA18ED99770054F851 /* help.png in Resources */ = {isa = PBXBuildFile; fileRef = A9CD60BA18ED99770054F851 /* help.png */; };
		A9CD60DB18ED99770054F851 /* home.png in Resources */ = {isa = PBXBuildFile; fileRef = A9CD60BB18ED99770054F851 /* home.png */; };
		A9CD60DC18ED99770054F851 /* iconmonstr-pie-chart-2-icon.png in Resources */ = {isa = PBXBuildFile; fileRef = A9CD60BC18ED99770054F851 /* iconmonstr-pie-chart-2-icon.png */; };
		A9CD60DD18ED99770054F851 /* ICONO.png in Resources */ = {isa = PBXBuildFile; fileRef = A9CD60BD18ED99770054F851 /* ICONO.png */; };
		A9CD60DE18ED99770054F851 /* ICONO29.png in Resources */ = {isa = PBXBuildFile; fileRef = A9CD60BE18ED99770054F851 /* ICONO29.png */; };
		A9CD60DF18ED99770054F851 /* ICONO40.png in Resources */ = {isa = PBXBuildFile; fileRef = A9CD60BF18ED99770054F851 /* ICONO40.png */; };
		A9CD60E018ED99770054F851 /* ICONO58.png in Resources */ = {isa = PBXBuildFile; fileRef = A9CD60C018ED99770054F851 /* ICONO58.png */; };
		A9CD60E118ED99770054F851 /* ICONO76.png in Resources */ = {isa = PBXBuildFile; fileRef = A9CD60C118ED99770054F851 /* ICONO76.png */; };
		A9CD60E218ED99770054F851 /* ICONO80.png in Resources */ = {isa = PBXBuildFile; fileRef = A9CD60C218ED99770054F851 /* ICONO80.png */; };
		A9CD60E318ED99770054F851 /* ICONO120.png in Resources */ = {isa = PBXBuildFile; fileRef = A9CD60C318ED99770054F851 /* ICONO120.png */; };
		A9CD60E418ED99770054F851 /* ICONO152.png in Resources */ = {isa = PBXBuildFile; fileRef = A9CD60C418ED99770054F851 /* ICONO152.png */; };
		A9CD60E518ED99770054F851 /* map.png in Resources */ = {isa = PBXBuildFile; fileRef = A9CD60C518ED99770054F851 /* map.png */; };
		A9CD60E618ED99770054F851 /* MAPAFINAL.png in Resources */ = {isa = PBXBuildFile; fileRef = A9CD60C618ED99770054F851 /* MAPAFINAL.png */; };
		A9CD60E718ED99770054F851 /* mariguana efecto emocional.png in Resources */ = {isa = PBXBuildFile; fileRef = A9CD60C718ED99770054F851 /* mariguana efecto emocional.png */; };
		A9CD60E818ED99770054F851 /* mariguana.png in Resources */ = {isa = PBXBuildFile; fileRef = A9CD60C818ED99770054F851 /* mariguana.png */; };
		A9CD60E918ED99770054F851 /* natural.png in Resources */ = {isa = PBXBuildFile; fileRef = A9CD60C918ED99770054F851 /* natural.png */; };
		A9CD60EA18ED99770054F851 /* nps.png in Resources */ = {isa = PBXBuildFile; fileRef = A9CD60CA18ED99770054F851 /* nps.png */; };
		A9CD60EB18ED99770054F851 /* PAGINAAYUDA.png in Resources */ = {isa = PBXBuildFile; fileRef = A9CD60CB18ED99770054F851 /* PAGINAAYUDA.png */; };
		A9CD60EC18ED99770054F851 /* programa.png in Resources */ = {isa = PBXBuildFile; fileRef = A9CD60CC18ED99770054F851 /* programa.png */; };
		A9CD60ED18ED99770054F851 /* sinteticas.png in Resources */ = {isa = PBXBuildFile; fileRef = A9CD60CD18ED99770054F851 /* sinteticas.png */; };
		A9CD60EE18ED99770054F851 /* VOTO.png in Resources */ = {isa = PBXBuildFile; fileRef = A9CD60CE18ED99770054F851 /* VOTO.png */; };
		A9CD60F118EDB4630054F851 /* ejemploTVCTableViewController.m in Sources */ = {isa = PBXBuildFile; fileRef = A9CD60F018EDB4630054F851 /* ejemploTVCTableViewController.m */; };
		FC3681D218E7C31300C60961 /* contradiccionMapVCViewController.m in Sources */ = {isa = PBXBuildFile; fileRef = FC3681D118E7C31300C60961 /* contradiccionMapVCViewController.m */; };
		FC3681D418E7C34100C60961 /* MapKit.framework in Frameworks */ = {isa = PBXBuildFile; fileRef = FC3681D318E7C34100C60961 /* MapKit.framework */; };
		FC3681E318E7D29100C60961 /* contradiccionTableViewController2.m in Sources */ = {isa = PBXBuildFile; fileRef = FC3681E218E7D29100C60961 /* contradiccionTableViewController2.m */; };
		FC6E61CD18E8B45F00D3BB95 /* contradiccionViewController.m in Sources */ = {isa = PBXBuildFile; fileRef = FC6E61CC18E8B45F00D3BB95 /* contradiccionViewController.m */; };
		FCD0884918E73B7100C294F3 /* Foundation.framework in Frameworks */ = {isa = PBXBuildFile; fileRef = FCD0884818E73B7100C294F3 /* Foundation.framework */; };
		FCD0884B18E73B7100C294F3 /* CoreGraphics.framework in Frameworks */ = {isa = PBXBuildFile; fileRef = FCD0884A18E73B7100C294F3 /* CoreGraphics.framework */; };
		FCD0884D18E73B7100C294F3 /* UIKit.framework in Frameworks */ = {isa = PBXBuildFile; fileRef = FCD0884C18E73B7100C294F3 /* UIKit.framework */; };
		FCD0885318E73B7100C294F3 /* InfoPlist.strings in Resources */ = {isa = PBXBuildFile; fileRef = FCD0885118E73B7100C294F3 /* InfoPlist.strings */; };
		FCD0885518E73B7100C294F3 /* main.m in Sources */ = {isa = PBXBuildFile; fileRef = FCD0885418E73B7100C294F3 /* main.m */; };
		FCD0885918E73B7100C294F3 /* contradiccionAppDelegate.m in Sources */ = {isa = PBXBuildFile; fileRef = FCD0885818E73B7100C294F3 /* contradiccionAppDelegate.m */; };
		FCD0885C18E73B7100C294F3 /* Main_iPhone.storyboard in Resources */ = {isa = PBXBuildFile; fileRef = FCD0885A18E73B7100C294F3 /* Main_iPhone.storyboard */; };
		FCD0885F18E73B7100C294F3 /* Main_iPad.storyboard in Resources */ = {isa = PBXBuildFile; fileRef = FCD0885D18E73B7100C294F3 /* Main_iPad.storyboard */; };
		FCD0886718E73B7100C294F3 /* Images.xcassets in Resources */ = {isa = PBXBuildFile; fileRef = FCD0886618E73B7100C294F3 /* Images.xcassets */; };
		FCD0886E18E73B7100C294F3 /* XCTest.framework in Frameworks */ = {isa = PBXBuildFile; fileRef = FCD0886D18E73B7100C294F3 /* XCTest.framework */; };
		FCD0886F18E73B7100C294F3 /* Foundation.framework in Frameworks */ = {isa = PBXBuildFile; fileRef = FCD0884818E73B7100C294F3 /* Foundation.framework */; };
		FCD0887018E73B7100C294F3 /* UIKit.framework in Frameworks */ = {isa = PBXBuildFile; fileRef = FCD0884C18E73B7100C294F3 /* UIKit.framework */; };
		FCD0887818E73B7100C294F3 /* InfoPlist.strings in Resources */ = {isa = PBXBuildFile; fileRef = FCD0887618E73B7100C294F3 /* InfoPlist.strings */; };
		FCD0887A18E73B7100C294F3 /* contradiccionTests.m in Sources */ = {isa = PBXBuildFile; fileRef = FCD0887918E73B7100C294F3 /* contradiccionTests.m */; };
		FCD0888518E73D1400C294F3 /* contradiccionHomeTVC.m in Sources */ = {isa = PBXBuildFile; fileRef = FCD0888418E73D1400C294F3 /* contradiccionHomeTVC.m */; };
/* End PBXBuildFile section */

/* Begin PBXContainerItemProxy section */
		FCD0887118E73B7100C294F3 /* PBXContainerItemProxy */ = {
			isa = PBXContainerItemProxy;
			containerPortal = FCD0883D18E73B7100C294F3 /* Project object */;
			proxyType = 1;
			remoteGlobalIDString = FCD0884418E73B7100C294F3;
			remoteInfo = contradiccion;
		};
/* End PBXContainerItemProxy section */

/* Begin PBXFileReference section */
		A9577D8F18EEF4EC0093E906 /* emergency-icon.png */ = {isa = PBXFileReference; lastKnownFileType = image.png; path = "emergency-icon.png"; sourceTree = "<group>"; };
		A9577D9118EEF7A00093E906 /* detalleContradiccionHome.h */ = {isa = PBXFileReference; fileEncoding = 4; lastKnownFileType = sourcecode.c.h; path = detalleContradiccionHome.h; sourceTree = "<group>"; };
		A9577D9218EEF7A00093E906 /* detalleContradiccionHome.m */ = {isa = PBXFileReference; fileEncoding = 4; lastKnownFileType = sourcecode.c.objc; path = detalleContradiccionHome.m; sourceTree = "<group>"; };
		A9CD60AF18ED99770054F851 /* alucilogenas.png */ = {isa = PBXFileReference; lastKnownFileType = image.png; name = alucilogenas.png; path = "../../../Google Drive/PERSONAL/C4C/contradiccion/contradiccion/imagenes/alucilogenas.png"; sourceTree = "<group>"; };
		A9CD60B018ED99770054F851 /* APOYATE.png */ = {isa = PBXFileReference; lastKnownFileType = image.png; name = APOYATE.png; path = "../../../Google Drive/PERSONAL/C4C/contradiccion/contradiccion/imagenes/APOYATE.png"; sourceTree = "<group>"; };
		A9CD60B118ED99770054F851 /* CONTR.jpg */ = {isa = PBXFileReference; lastKnownFileType = image.jpeg; name = CONTR.jpg; path = "../../../Google Drive/PERSONAL/C4C/contradiccion/contradiccion/imagenes/CONTR.jpg"; sourceTree = "<group>"; };
		A9CD60B218ED99770054F851 /* drogas.png */ = {isa = PBXFileReference; lastKnownFileType = image.png; name = drogas.png; path = "../../../Google Drive/PERSONAL/C4C/contradiccion/contradiccion/imagenes/drogas.png"; sourceTree = "<group>"; };
		A9CD60B318ED99770054F851 /* efectos.png */ = {isa = PBXFileReference; lastKnownFileType = image.png; name = efectos.png; path = "../../../Google Drive/PERSONAL/C4C/contradiccion/contradiccion/imagenes/efectos.png"; sourceTree = "<group>"; };
		A9CD60B418ED99770054F851 /* efectos2.png */ = {isa = PBXFileReference; lastKnownFileType = image.png; name = efectos2.png; path = "../../../Google Drive/PERSONAL/C4C/contradiccion/contradiccion/imagenes/efectos2.png"; sourceTree = "<group>"; };
		A9CD60B518ED99770054F851 /* emergentes.png */ = {isa = PBXFileReference; lastKnownFileType = image.png; name = emergentes.png; path = "../../../Google Drive/PERSONAL/C4C/contradiccion/contradiccion/imagenes/emergentes.png"; sourceTree = "<group>"; };
		A9CD60B618ED99770054F851 /* estadi.png */ = {isa = PBXFileReference; lastKnownFileType = image.png; name = estadi.png; path = "../../../Google Drive/PERSONAL/C4C/contradiccion/contradiccion/imagenes/estadi.png"; sourceTree = "<group>"; };
		A9CD60B718ED99770054F851 /* estimulantes.png */ = {isa = PBXFileReference; lastKnownFileType = image.png; name = estimulantes.png; path = "../../../Google Drive/PERSONAL/C4C/contradiccion/contradiccion/imagenes/estimulantes.png"; sourceTree = "<group>"; };
		A9CD60B818ED99770054F851 /* evolution.png */ = {isa = PBXFileReference; lastKnownFileType = image.png; name = evolution.png; path = "../../../Google Drive/PERSONAL/C4C/contradiccion/contradiccion/imagenes/evolution.png"; sourceTree = "<group>"; };
		A9CD60B918ED99770054F851 /* evolution300.png */ = {isa = PBXFileReference; lastKnownFileType = image.png; name = evolution300.png; path = "../../../Google Drive/PERSONAL/C4C/contradiccion/contradiccion/imagenes/evolution300.png"; sourceTree = "<group>"; };
		A9CD60BA18ED99770054F851 /* help.png */ = {isa = PBXFileReference; lastKnownFileType = image.png; name = help.png; path = "../../../Google Drive/PERSONAL/C4C/contradiccion/contradiccion/imagenes/help.png"; sourceTree = "<group>"; };
		A9CD60BB18ED99770054F851 /* home.png */ = {isa = PBXFileReference; lastKnownFileType = image.png; name = home.png; path = "../../../Google Drive/PERSONAL/C4C/contradiccion/contradiccion/imagenes/home.png"; sourceTree = "<group>"; };
		A9CD60BC18ED99770054F851 /* iconmonstr-pie-chart-2-icon.png */ = {isa = PBXFileReference; lastKnownFileType = image.png; name = "iconmonstr-pie-chart-2-icon.png"; path = "../../../Google Drive/PERSONAL/C4C/contradiccion/contradiccion/imagenes/iconmonstr-pie-chart-2-icon.png"; sourceTree = "<group>"; };
		A9CD60BD18ED99770054F851 /* ICONO.png */ = {isa = PBXFileReference; lastKnownFileType = image.png; name = ICONO.png; path = "../../../Google Drive/PERSONAL/C4C/contradiccion/contradiccion/imagenes/ICONO.png"; sourceTree = "<group>"; };
		A9CD60BE18ED99770054F851 /* ICONO29.png */ = {isa = PBXFileReference; lastKnownFileType = image.png; name = ICONO29.png; path = "../../../Google Drive/PERSONAL/C4C/contradiccion/contradiccion/imagenes/ICONO29.png"; sourceTree = "<group>"; };
		A9CD60BF18ED99770054F851 /* ICONO40.png */ = {isa = PBXFileReference; lastKnownFileType = image.png; name = ICONO40.png; path = "../../../Google Drive/PERSONAL/C4C/contradiccion/contradiccion/imagenes/ICONO40.png"; sourceTree = "<group>"; };
		A9CD60C018ED99770054F851 /* ICONO58.png */ = {isa = PBXFileReference; lastKnownFileType = image.png; name = ICONO58.png; path = "../../../Google Drive/PERSONAL/C4C/contradiccion/contradiccion/imagenes/ICONO58.png"; sourceTree = "<group>"; };
		A9CD60C118ED99770054F851 /* ICONO76.png */ = {isa = PBXFileReference; lastKnownFileType = image.png; name = ICONO76.png; path = "../../../Google Drive/PERSONAL/C4C/contradiccion/contradiccion/imagenes/ICONO76.png"; sourceTree = "<group>"; };
		A9CD60C218ED99770054F851 /* ICONO80.png */ = {isa = PBXFileReference; lastKnownFileType = image.png; name = ICONO80.png; path = "../../../Google Drive/PERSONAL/C4C/contradiccion/contradiccion/imagenes/ICONO80.png"; sourceTree = "<group>"; };
		A9CD60C318ED99770054F851 /* ICONO120.png */ = {isa = PBXFileReference; lastKnownFileType = image.png; name = ICONO120.png; path = "../../../Google Drive/PERSONAL/C4C/contradiccion/contradiccion/imagenes/ICONO120.png"; sourceTree = "<group>"; };
		A9CD60C418ED99770054F851 /* ICONO152.png */ = {isa = PBXFileReference; lastKnownFileType = image.png; name = ICONO152.png; path = "../../../Google Drive/PERSONAL/C4C/contradiccion/contradiccion/imagenes/ICONO152.png"; sourceTree = "<group>"; };
		A9CD60C518ED99770054F851 /* map.png */ = {isa = PBXFileReference; lastKnownFileType = image.png; name = map.png; path = "../../../Google Drive/PERSONAL/C4C/contradiccion/contradiccion/imagenes/map.png"; sourceTree = "<group>"; };
		A9CD60C618ED99770054F851 /* MAPAFINAL.png */ = {isa = PBXFileReference; lastKnownFileType = image.png; name = MAPAFINAL.png; path = "../../../Google Drive/PERSONAL/C4C/contradiccion/contradiccion/imagenes/MAPAFINAL.png"; sourceTree = "<group>"; };
		A9CD60C718ED99770054F851 /* mariguana efecto emocional.png */ = {isa = PBXFileReference; lastKnownFileType = image.png; name = "mariguana efecto emocional.png"; path = "../../../Google Drive/PERSONAL/C4C/contradiccion/contradiccion/imagenes/mariguana efecto emocional.png"; sourceTree = "<group>"; };
		A9CD60C818ED99770054F851 /* mariguana.png */ = {isa = PBXFileReference; lastKnownFileType = image.png; name = mariguana.png; path = "../../../Google Drive/PERSONAL/C4C/contradiccion/contradiccion/imagenes/mariguana.png"; sourceTree = "<group>"; };
		A9CD60C918ED99770054F851 /* natural.png */ = {isa = PBXFileReference; lastKnownFileType = image.png; name = natural.png; path = "../../../Google Drive/PERSONAL/C4C/contradiccion/contradiccion/imagenes/natural.png"; sourceTree = "<group>"; };
		A9CD60CA18ED99770054F851 /* nps.png */ = {isa = PBXFileReference; lastKnownFileType = image.png; name = nps.png; path = "../../../Google Drive/PERSONAL/C4C/contradiccion/contradiccion/imagenes/nps.png"; sourceTree = "<group>"; };
		A9CD60CB18ED99770054F851 /* PAGINAAYUDA.png */ = {isa = PBXFileReference; lastKnownFileType = image.png; name = PAGINAAYUDA.png; path = "../../../Google Drive/PERSONAL/C4C/contradiccion/contradiccion/imagenes/PAGINAAYUDA.png"; sourceTree = "<group>"; };
		A9CD60CC18ED99770054F851 /* programa.png */ = {isa = PBXFileReference; lastKnownFileType = image.png; name = programa.png; path = "../../../Google Drive/PERSONAL/C4C/contradiccion/contradiccion/imagenes/programa.png"; sourceTree = "<group>"; };
		A9CD60CD18ED99770054F851 /* sinteticas.png */ = {isa = PBXFileReference; lastKnownFileType = image.png; name = sinteticas.png; path = "../../../Google Drive/PERSONAL/C4C/contradiccion/contradiccion/imagenes/sinteticas.png"; sourceTree = "<group>"; };
		A9CD60CE18ED99770054F851 /* VOTO.png */ = {isa = PBXFileReference; lastKnownFileType = image.png; name = VOTO.png; path = "../../../Google Drive/PERSONAL/C4C/contradiccion/contradiccion/imagenes/VOTO.png"; sourceTree = "<group>"; };
		A9CD60EF18EDB4630054F851 /* ejemploTVCTableViewController.h */ = {isa = PBXFileReference; fileEncoding = 4; lastKnownFileType = sourcecode.c.h; path = ejemploTVCTableViewController.h; sourceTree = "<group>"; };
		A9CD60F018EDB4630054F851 /* ejemploTVCTableViewController.m */ = {isa = PBXFileReference; fileEncoding = 4; lastKnownFileType = sourcecode.c.objc; path = ejemploTVCTableViewController.m; sourceTree = "<group>"; };
		FC3681D018E7C31300C60961 /* contradiccionMapVCViewController.h */ = {isa = PBXFileReference; fileEncoding = 4; lastKnownFileType = sourcecode.c.h; path = contradiccionMapVCViewController.h; sourceTree = "<group>"; };
		FC3681D118E7C31300C60961 /* contradiccionMapVCViewController.m */ = {isa = PBXFileReference; fileEncoding = 4; lastKnownFileType = sourcecode.c.objc; path = contradiccionMapVCViewController.m; sourceTree = "<group>"; };
		FC3681D318E7C34100C60961 /* MapKit.framework */ = {isa = PBXFileReference; lastKnownFileType = wrapper.framework; name = MapKit.framework; path = System/Library/Frameworks/MapKit.framework; sourceTree = SDKROOT; };
		FC3681E118E7D29100C60961 /* contradiccionTableViewController2.h */ = {isa = PBXFileReference; fileEncoding = 4; lastKnownFileType = sourcecode.c.h; path = contradiccionTableViewController2.h; sourceTree = "<group>"; };
		FC3681E218E7D29100C60961 /* contradiccionTableViewController2.m */ = {isa = PBXFileReference; fileEncoding = 4; lastKnownFileType = sourcecode.c.objc; path = contradiccionTableViewController2.m; sourceTree = "<group>"; };
		FC6E61CB18E8B45F00D3BB95 /* contradiccionViewController.h */ = {isa = PBXFileReference; fileEncoding = 4; lastKnownFileType = sourcecode.c.h; path = contradiccionViewController.h; sourceTree = "<group>"; };
		FC6E61CC18E8B45F00D3BB95 /* contradiccionViewController.m */ = {isa = PBXFileReference; fileEncoding = 4; lastKnownFileType = sourcecode.c.objc; path = contradiccionViewController.m; sourceTree = "<group>"; };
		FCD0884518E73B7100C294F3 /* contradiccion.app */ = {isa = PBXFileReference; explicitFileType = wrapper.application; includeInIndex = 0; path = contradiccion.app; sourceTree = BUILT_PRODUCTS_DIR; };
		FCD0884818E73B7100C294F3 /* Foundation.framework */ = {isa = PBXFileReference; lastKnownFileType = wrapper.framework; name = Foundation.framework; path = System/Library/Frameworks/Foundation.framework; sourceTree = SDKROOT; };
		FCD0884A18E73B7100C294F3 /* CoreGraphics.framework */ = {isa = PBXFileReference; lastKnownFileType = wrapper.framework; name = CoreGraphics.framework; path = System/Library/Frameworks/CoreGraphics.framework; sourceTree = SDKROOT; };
		FCD0884C18E73B7100C294F3 /* UIKit.framework */ = {isa = PBXFileReference; lastKnownFileType = wrapper.framework; name = UIKit.framework; path = System/Library/Frameworks/UIKit.framework; sourceTree = SDKROOT; };
		FCD0885018E73B7100C294F3 /* contradiccion-Info.plist */ = {isa = PBXFileReference; lastKnownFileType = text.plist.xml; path = "contradiccion-Info.plist"; sourceTree = "<group>"; };
		FCD0885218E73B7100C294F3 /* en */ = {isa = PBXFileReference; lastKnownFileType = text.plist.strings; name = en; path = en.lproj/InfoPlist.strings; sourceTree = "<group>"; };
		FCD0885418E73B7100C294F3 /* main.m */ = {isa = PBXFileReference; lastKnownFileType = sourcecode.c.objc; path = main.m; sourceTree = "<group>"; };
		FCD0885618E73B7100C294F3 /* contradiccion-Prefix.pch */ = {isa = PBXFileReference; lastKnownFileType = sourcecode.c.h; path = "contradiccion-Prefix.pch"; sourceTree = "<group>"; };
		FCD0885718E73B7100C294F3 /* contradiccionAppDelegate.h */ = {isa = PBXFileReference; lastKnownFileType = sourcecode.c.h; path = contradiccionAppDelegate.h; sourceTree = "<group>"; };
		FCD0885818E73B7100C294F3 /* contradiccionAppDelegate.m */ = {isa = PBXFileReference; lastKnownFileType = sourcecode.c.objc; path = contradiccionAppDelegate.m; sourceTree = "<group>"; };
		FCD0885B18E73B7100C294F3 /* Base */ = {isa = PBXFileReference; lastKnownFileType = file.storyboard; name = Base; path = Base.lproj/Main_iPhone.storyboard; sourceTree = "<group>"; };
		FCD0885E18E73B7100C294F3 /* Base */ = {isa = PBXFileReference; lastKnownFileType = file.storyboard; name = Base; path = Base.lproj/Main_iPad.storyboard; sourceTree = "<group>"; };
		FCD0886618E73B7100C294F3 /* Images.xcassets */ = {isa = PBXFileReference; lastKnownFileType = folder.assetcatalog; path = Images.xcassets; sourceTree = "<group>"; };
		FCD0886C18E73B7100C294F3 /* contradiccionTests.xctest */ = {isa = PBXFileReference; explicitFileType = wrapper.cfbundle; includeInIndex = 0; path = contradiccionTests.xctest; sourceTree = BUILT_PRODUCTS_DIR; };
		FCD0886D18E73B7100C294F3 /* XCTest.framework */ = {isa = PBXFileReference; lastKnownFileType = wrapper.framework; name = XCTest.framework; path = Library/Frameworks/XCTest.framework; sourceTree = DEVELOPER_DIR; };
		FCD0887518E73B7100C294F3 /* contradiccionTests-Info.plist */ = {isa = PBXFileReference; lastKnownFileType = text.plist.xml; path = "contradiccionTests-Info.plist"; sourceTree = "<group>"; };
		FCD0887718E73B7100C294F3 /* en */ = {isa = PBXFileReference; lastKnownFileType = text.plist.strings; name = en; path = en.lproj/InfoPlist.strings; sourceTree = "<group>"; };
		FCD0887918E73B7100C294F3 /* contradiccionTests.m */ = {isa = PBXFileReference; lastKnownFileType = sourcecode.c.objc; path = contradiccionTests.m; sourceTree = "<group>"; };
		FCD0888318E73D1400C294F3 /* contradiccionHomeTVC.h */ = {isa = PBXFileReference; fileEncoding = 4; lastKnownFileType = sourcecode.c.h; path = contradiccionHomeTVC.h; sourceTree = "<group>"; };
		FCD0888418E73D1400C294F3 /* contradiccionHomeTVC.m */ = {isa = PBXFileReference; fileEncoding = 4; lastKnownFileType = sourcecode.c.objc; path = contradiccionHomeTVC.m; sourceTree = "<group>"; };
/* End PBXFileReference section */

/* Begin PBXFrameworksBuildPhase section */
		FCD0884218E73B7100C294F3 /* Frameworks */ = {
			isa = PBXFrameworksBuildPhase;
			buildActionMask = 2147483647;
			files = (
				FC3681D418E7C34100C60961 /* MapKit.framework in Frameworks */,
				FCD0884B18E73B7100C294F3 /* CoreGraphics.framework in Frameworks */,
				FCD0884D18E73B7100C294F3 /* UIKit.framework in Frameworks */,
				FCD0884918E73B7100C294F3 /* Foundation.framework in Frameworks */,
			);
			runOnlyForDeploymentPostprocessing = 0;
		};
		FCD0886918E73B7100C294F3 /* Frameworks */ = {
			isa = PBXFrameworksBuildPhase;
			buildActionMask = 2147483647;
			files = (
				FCD0886E18E73B7100C294F3 /* XCTest.framework in Frameworks */,
				FCD0887018E73B7100C294F3 /* UIKit.framework in Frameworks */,
				FCD0886F18E73B7100C294F3 /* Foundation.framework in Frameworks */,
			);
			runOnlyForDeploymentPostprocessing = 0;
		};
/* End PBXFrameworksBuildPhase section */

/* Begin PBXGroup section */
		FC6E61CA18E8B42600D3BB95 /* imagenes */ = {
			isa = PBXGroup;
			children = (
				A9577D8F18EEF4EC0093E906 /* emergency-icon.png */,
				A9CD60AF18ED99770054F851 /* alucilogenas.png */,
				A9CD60B018ED99770054F851 /* APOYATE.png */,
				A9CD60B118ED99770054F851 /* CONTR.jpg */,
				A9CD60B218ED99770054F851 /* drogas.png */,
				A9CD60B318ED99770054F851 /* efectos.png */,
				A9CD60B418ED99770054F851 /* efectos2.png */,
				A9CD60B518ED99770054F851 /* emergentes.png */,
				A9CD60B618ED99770054F851 /* estadi.png */,
				A9CD60B718ED99770054F851 /* estimulantes.png */,
				A9CD60B818ED99770054F851 /* evolution.png */,
				A9CD60B918ED99770054F851 /* evolution300.png */,
				A9CD60BA18ED99770054F851 /* help.png */,
				A9CD60BB18ED99770054F851 /* home.png */,
				A9CD60BC18ED99770054F851 /* iconmonstr-pie-chart-2-icon.png */,
				A9CD60BD18ED99770054F851 /* ICONO.png */,
				A9CD60BE18ED99770054F851 /* ICONO29.png */,
				A9CD60BF18ED99770054F851 /* ICONO40.png */,
				A9CD60C018ED99770054F851 /* ICONO58.png */,
				A9CD60C118ED99770054F851 /* ICONO76.png */,
				A9CD60C218ED99770054F851 /* ICONO80.png */,
				A9CD60C318ED99770054F851 /* ICONO120.png */,
				A9CD60C418ED99770054F851 /* ICONO152.png */,
				A9CD60C518ED99770054F851 /* map.png */,
				A9CD60C618ED99770054F851 /* MAPAFINAL.png */,
				A9CD60C718ED99770054F851 /* mariguana efecto emocional.png */,
				A9CD60C818ED99770054F851 /* mariguana.png */,
				A9CD60C918ED99770054F851 /* natural.png */,
				A9CD60CA18ED99770054F851 /* nps.png */,
				A9CD60CB18ED99770054F851 /* PAGINAAYUDA.png */,
				A9CD60CC18ED99770054F851 /* programa.png */,
				A9CD60CD18ED99770054F851 /* sinteticas.png */,
				A9CD60CE18ED99770054F851 /* VOTO.png */,
			);
			name = imagenes;
			sourceTree = "<group>";
		};
		FCD0883C18E73B7100C294F3 = {
			isa = PBXGroup;
			children = (
				FCD0884E18E73B7100C294F3 /* contradiccion */,
				FCD0887318E73B7100C294F3 /* contradiccionTests */,
				FCD0884718E73B7100C294F3 /* Frameworks */,
				FCD0884618E73B7100C294F3 /* Products */,
			);
			sourceTree = "<group>";
		};
		FCD0884618E73B7100C294F3 /* Products */ = {
			isa = PBXGroup;
			children = (
				FCD0884518E73B7100C294F3 /* contradiccion.app */,
				FCD0886C18E73B7100C294F3 /* contradiccionTests.xctest */,
			);
			name = Products;
			sourceTree = "<group>";
		};
		FCD0884718E73B7100C294F3 /* Frameworks */ = {
			isa = PBXGroup;
			children = (
				FC3681D318E7C34100C60961 /* MapKit.framework */,
				FCD0884818E73B7100C294F3 /* Foundation.framework */,
				FCD0884A18E73B7100C294F3 /* CoreGraphics.framework */,
				FCD0884C18E73B7100C294F3 /* UIKit.framework */,
				FCD0886D18E73B7100C294F3 /* XCTest.framework */,
			);
			name = Frameworks;
			sourceTree = "<group>";
		};
		FCD0884E18E73B7100C294F3 /* contradiccion */ = {
			isa = PBXGroup;
			children = (
				FC6E61CA18E8B42600D3BB95 /* imagenes */,
				FCD0885718E73B7100C294F3 /* contradiccionAppDelegate.h */,
				FCD0885818E73B7100C294F3 /* contradiccionAppDelegate.m */,
				FCD0885A18E73B7100C294F3 /* Main_iPhone.storyboard */,
				FCD0885D18E73B7100C294F3 /* Main_iPad.storyboard */,
				FCD0886618E73B7100C294F3 /* Images.xcassets */,
				FCD0884F18E73B7100C294F3 /* Supporting Files */,
				FCD0888318E73D1400C294F3 /* contradiccionHomeTVC.h */,
				FCD0888418E73D1400C294F3 /* contradiccionHomeTVC.m */,
				A9CD60EF18EDB4630054F851 /* ejemploTVCTableViewController.h */,
				A9CD60F018EDB4630054F851 /* ejemploTVCTableViewController.m */,
				FC3681D018E7C31300C60961 /* contradiccionMapVCViewController.h */,
				FC3681D118E7C31300C60961 /* contradiccionMapVCViewController.m */,
				FC3681E118E7D29100C60961 /* contradiccionTableViewController2.h */,
				FC3681E218E7D29100C60961 /* contradiccionTableViewController2.m */,
				FC6E61CB18E8B45F00D3BB95 /* contradiccionViewController.h */,
				FC6E61CC18E8B45F00D3BB95 /* contradiccionViewController.m */,
				A9577D9118EEF7A00093E906 /* detalleContradiccionHome.h */,
				A9577D9218EEF7A00093E906 /* detalleContradiccionHome.m */,
			);
			path = contradiccion;
			sourceTree = "<group>";
		};
		FCD0884F18E73B7100C294F3 /* Supporting Files */ = {
			isa = PBXGroup;
			children = (
				FCD0885018E73B7100C294F3 /* contradiccion-Info.plist */,
				FCD0885118E73B7100C294F3 /* InfoPlist.strings */,
				FCD0885418E73B7100C294F3 /* main.m */,
				FCD0885618E73B7100C294F3 /* contradiccion-Prefix.pch */,
			);
			name = "Supporting Files";
			sourceTree = "<group>";
		};
		FCD0887318E73B7100C294F3 /* contradiccionTests */ = {
			isa = PBXGroup;
			children = (
				FCD0887918E73B7100C294F3 /* contradiccionTests.m */,
				FCD0887418E73B7100C294F3 /* Supporting Files */,
			);
			path = contradiccionTests;
			sourceTree = "<group>";
		};
		FCD0887418E73B7100C294F3 /* Supporting Files */ = {
			isa = PBXGroup;
			children = (
				FCD0887518E73B7100C294F3 /* contradiccionTests-Info.plist */,
				FCD0887618E73B7100C294F3 /* InfoPlist.strings */,
			);
			name = "Supporting Files";
			sourceTree = "<group>";
		};
/* End PBXGroup section */

/* Begin PBXNativeTarget section */
		FCD0884418E73B7100C294F3 /* contradiccion */ = {
			isa = PBXNativeTarget;
			buildConfigurationList = FCD0887D18E73B7100C294F3 /* Build configuration list for PBXNativeTarget "contradiccion" */;
			buildPhases = (
				FCD0884118E73B7100C294F3 /* Sources */,
				FCD0884218E73B7100C294F3 /* Frameworks */,
				FCD0884318E73B7100C294F3 /* Resources */,
			);
			buildRules = (
			);
			dependencies = (
			);
			name = contradiccion;
			productName = contradiccion;
			productReference = FCD0884518E73B7100C294F3 /* contradiccion.app */;
			productType = "com.apple.product-type.application";
		};
		FCD0886B18E73B7100C294F3 /* contradiccionTests */ = {
			isa = PBXNativeTarget;
			buildConfigurationList = FCD0888018E73B7100C294F3 /* Build configuration list for PBXNativeTarget "contradiccionTests" */;
			buildPhases = (
				FCD0886818E73B7100C294F3 /* Sources */,
				FCD0886918E73B7100C294F3 /* Frameworks */,
				FCD0886A18E73B7100C294F3 /* Resources */,
			);
			buildRules = (
			);
			dependencies = (
				FCD0887218E73B7100C294F3 /* PBXTargetDependency */,
			);
			name = contradiccionTests;
			productName = contradiccionTests;
			productReference = FCD0886C18E73B7100C294F3 /* contradiccionTests.xctest */;
			productType = "com.apple.product-type.bundle.unit-test";
		};
/* End PBXNativeTarget section */

/* Begin PBXProject section */
		FCD0883D18E73B7100C294F3 /* Project object */ = {
			isa = PBXProject;
			attributes = {
				CLASSPREFIX = contradiccion;
				LastUpgradeCheck = 0510;
				ORGANIZATIONNAME = azarateo;
				TargetAttributes = {
					FCD0886B18E73B7100C294F3 = {
						TestTargetID = FCD0884418E73B7100C294F3;
					};
				};
			};
			buildConfigurationList = FCD0884018E73B7100C294F3 /* Build configuration list for PBXProject "contradiccion" */;
			compatibilityVersion = "Xcode 3.2";
			developmentRegion = English;
			hasScannedForEncodings = 0;
			knownRegions = (
				en,
				Base,
			);
			mainGroup = FCD0883C18E73B7100C294F3;
			productRefGroup = FCD0884618E73B7100C294F3 /* Products */;
			projectDirPath = "";
			projectRoot = "";
			targets = (
				FCD0884418E73B7100C294F3 /* contradiccion */,
				FCD0886B18E73B7100C294F3 /* contradiccionTests */,
			);
		};
/* End PBXProject section */

/* Begin PBXResourcesBuildPhase section */
		FCD0884318E73B7100C294F3 /* Resources */ = {
			isa = PBXResourcesBuildPhase;
			buildActionMask = 2147483647;
			files = (
				A9CD60DE18ED99770054F851 /* ICONO29.png in Resources */,
				A9CD60E318ED99770054F851 /* ICONO120.png in Resources */,
				A9CD60E218ED99770054F851 /* ICONO80.png in Resources */,
				A9CD60D018ED99770054F851 /* APOYATE.png in Resources */,
				A9CD60E518ED99770054F851 /* map.png in Resources */,
				A9CD60E118ED99770054F851 /* ICONO76.png in Resources */,
				A9CD60CF18ED99770054F851 /* alucilogenas.png in Resources */,
				A9CD60D618ED99770054F851 /* estadi.png in Resources */,
				A9CD60D818ED99770054F851 /* evolution.png in Resources */,
				A9CD60ED18ED99770054F851 /* sinteticas.png in Resources */,
				A9CD60D318ED99770054F851 /* efectos.png in Resources */,
				FCD0885F18E73B7100C294F3 /* Main_iPad.storyboard in Resources */,
				A9CD60E718ED99770054F851 /* mariguana efecto emocional.png in Resources */,
				A9CD60DF18ED99770054F851 /* ICONO40.png in Resources */,
				A9CD60EC18ED99770054F851 /* programa.png in Resources */,
				A9CD60E818ED99770054F851 /* mariguana.png in Resources */,
				A9CD60D418ED99770054F851 /* efectos2.png in Resources */,
				FCD0886718E73B7100C294F3 /* Images.xcassets in Resources */,
				A9CD60D118ED99770054F851 /* CONTR.jpg in Resources */,
				A9CD60E018ED99770054F851 /* ICONO58.png in Resources */,
				A9CD60D518ED99770054F851 /* emergentes.png in Resources */,
				A9CD60D718ED99770054F851 /* estimulantes.png in Resources */,
				A9CD60D918ED99770054F851 /* evolution300.png in Resources */,
				A9CD60DB18ED99770054F851 /* home.png in Resources */,
				A9CD60EB18ED99770054F851 /* PAGINAAYUDA.png in Resources */,
				A9CD60E918ED99770054F851 /* natural.png in Resources */,
				A9CD60DA18ED99770054F851 /* help.png in Resources */,
				A9CD60EE18ED99770054F851 /* VOTO.png in Resources */,
				A9CD60E418ED99770054F851 /* ICONO152.png in Resources */,
				FCD0885C18E73B7100C294F3 /* Main_iPhone.storyboard in Resources */,
				A9CD60E618ED99770054F851 /* MAPAFINAL.png in Resources */,
				FCD0885318E73B7100C294F3 /* InfoPlist.strings in Resources */,
				A9577D9018EEF4EC0093E906 /* emergency-icon.png in Resources */,
				A9CD60EA18ED99770054F851 /* nps.png in Resources */,
				A9CD60DD18ED99770054F851 /* ICONO.png in Resources */,
				A9CD60D218ED99770054F851 /* drogas.png in Resources */,
				A9CD60DC18ED99770054F851 /* iconmonstr-pie-chart-2-icon.png in Resources */,
			);
			runOnlyForDeploymentPostprocessing = 0;
		};
		FCD0886A18E73B7100C294F3 /* Resources */ = {
			isa = PBXResourcesBuildPhase;
			buildActionMask = 2147483647;
			files = (
				FCD0887818E73B7100C294F3 /* InfoPlist.strings in Resources */,
			);
			runOnlyForDeploymentPostprocessing = 0;
		};
/* End PBXResourcesBuildPhase section */

/* Begin PBXSourcesBuildPhase section */
		FCD0884118E73B7100C294F3 /* Sources */ = {
			isa = PBXSourcesBuildPhase;
			buildActionMask = 2147483647;
			files = (
				A9CD60F118EDB4630054F851 /* ejemploTVCTableViewController.m in Sources */,
				A9577D9318EEF7A00093E906 /* detalleContradiccionHome.m in Sources */,
				FCD0888518E73D1400C294F3 /* contradiccionHomeTVC.m in Sources */,
				FCD0885518E73B7100C294F3 /* main.m in Sources */,
				FCD0885918E73B7100C294F3 /* contradiccionAppDelegate.m in Sources */,
				FC3681D218E7C31300C60961 /* contradiccionMapVCViewController.m in Sources */,
				FC3681E318E7D29100C60961 /* contradiccionTableViewController2.m in Sources */,
				FC6E61CD18E8B45F00D3BB95 /* contradiccionViewController.m in Sources */,
			);
			runOnlyForDeploymentPostprocessing = 0;
		};
		FCD0886818E73B7100C294F3 /* Sources */ = {
			isa = PBXSourcesBuildPhase;
			buildActionMask = 2147483647;
			files = (
				FCD0887A18E73B7100C294F3 /* contradiccionTests.m in Sources */,
			);
			runOnlyForDeploymentPostprocessing = 0;
		};
/* End PBXSourcesBuildPhase section */

/* Begin PBXTargetDependency section */
		FCD0887218E73B7100C294F3 /* PBXTargetDependency */ = {
			isa = PBXTargetDependency;
			target = FCD0884418E73B7100C294F3 /* contradiccion */;
			targetProxy = FCD0887118E73B7100C294F3 /* PBXContainerItemProxy */;
		};
/* End PBXTargetDependency section */

/* Begin PBXVariantGroup section */
		FCD0885118E73B7100C294F3 /* InfoPlist.strings */ = {
			isa = PBXVariantGroup;
			children = (
				FCD0885218E73B7100C294F3 /* en */,
			);
			name = InfoPlist.strings;
			sourceTree = "<group>";
		};
		FCD0885A18E73B7100C294F3 /* Main_iPhone.storyboard */ = {
			isa = PBXVariantGroup;
			children = (
				FCD0885B18E73B7100C294F3 /* Base */,
			);
			name = Main_iPhone.storyboard;
			sourceTree = "<group>";
		};
		FCD0885D18E73B7100C294F3 /* Main_iPad.storyboard */ = {
			isa = PBXVariantGroup;
			children = (
				FCD0885E18E73B7100C294F3 /* Base */,
			);
			name = Main_iPad.storyboard;
			sourceTree = "<group>";
		};
		FCD0887618E73B7100C294F3 /* InfoPlist.strings */ = {
			isa = PBXVariantGroup;
			children = (
				FCD0887718E73B7100C294F3 /* en */,
			);
			name = InfoPlist.strings;
			sourceTree = "<group>";
		};
/* End PBXVariantGroup section */

/* Begin XCBuildConfiguration section */
		FCD0887B18E73B7100C294F3 /* Debug */ = {
			isa = XCBuildConfiguration;
			buildSettings = {
				ALWAYS_SEARCH_USER_PATHS = NO;
				CLANG_CXX_LANGUAGE_STANDARD = "gnu++0x";
				CLANG_CXX_LIBRARY = "libc++";
				CLANG_ENABLE_MODULES = YES;
				CLANG_ENABLE_OBJC_ARC = YES;
				CLANG_WARN_BOOL_CONVERSION = YES;
				CLANG_WARN_CONSTANT_CONVERSION = YES;
				CLANG_WARN_DIRECT_OBJC_ISA_USAGE = YES_ERROR;
				CLANG_WARN_EMPTY_BODY = YES;
				CLANG_WARN_ENUM_CONVERSION = YES;
				CLANG_WARN_INT_CONVERSION = YES;
				CLANG_WARN_OBJC_ROOT_CLASS = YES_ERROR;
				CLANG_WARN__DUPLICATE_METHOD_MATCH = YES;
				"CODE_SIGN_IDENTITY[sdk=iphoneos*]" = "iPhone Developer";
				COPY_PHASE_STRIP = NO;
				GCC_C_LANGUAGE_STANDARD = gnu99;
				GCC_DYNAMIC_NO_PIC = NO;
				GCC_OPTIMIZATION_LEVEL = 0;
				GCC_PREPROCESSOR_DEFINITIONS = (
					"DEBUG=1",
					"$(inherited)",
				);
				GCC_SYMBOLS_PRIVATE_EXTERN = NO;
				GCC_WARN_64_TO_32_BIT_CONVERSION = YES;
				GCC_WARN_ABOUT_RETURN_TYPE = YES_ERROR;
				GCC_WARN_UNDECLARED_SELECTOR = YES;
				GCC_WARN_UNINITIALIZED_AUTOS = YES_AGGRESSIVE;
				GCC_WARN_UNUSED_FUNCTION = YES;
				GCC_WARN_UNUSED_VARIABLE = YES;
				IPHONEOS_DEPLOYMENT_TARGET = 7.1;
				ONLY_ACTIVE_ARCH = YES;
				SDKROOT = iphoneos;
				TARGETED_DEVICE_FAMILY = "1,2";
			};
			name = Debug;
		};
		FCD0887C18E73B7100C294F3 /* Release */ = {
			isa = XCBuildConfiguration;
			buildSettings = {
				ALWAYS_SEARCH_USER_PATHS = NO;
				CLANG_CXX_LANGUAGE_STANDARD = "gnu++0x";
				CLANG_CXX_LIBRARY = "libc++";
				CLANG_ENABLE_MODULES = YES;
				CLANG_ENABLE_OBJC_ARC = YES;
				CLANG_WARN_BOOL_CONVERSION = YES;
				CLANG_WARN_CONSTANT_CONVERSION = YES;
				CLANG_WARN_DIRECT_OBJC_ISA_USAGE = YES_ERROR;
				CLANG_WARN_EMPTY_BODY = YES;
				CLANG_WARN_ENUM_CONVERSION = YES;
				CLANG_WARN_INT_CONVERSION = YES;
				CLANG_WARN_OBJC_ROOT_CLASS = YES_ERROR;
				CLANG_WARN__DUPLICATE_METHOD_MATCH = YES;
				"CODE_SIGN_IDENTITY[sdk=iphoneos*]" = "iPhone Developer";
				COPY_PHASE_STRIP = YES;
				ENABLE_NS_ASSERTIONS = NO;
				GCC_C_LANGUAGE_STANDARD = gnu99;
				GCC_WARN_64_TO_32_BIT_CONVERSION = YES;
				GCC_WARN_ABOUT_RETURN_TYPE = YES_ERROR;
				GCC_WARN_UNDECLARED_SELECTOR = YES;
				GCC_WARN_UNINITIALIZED_AUTOS = YES_AGGRESSIVE;
				GCC_WARN_UNUSED_FUNCTION = YES;
				GCC_WARN_UNUSED_VARIABLE = YES;
				IPHONEOS_DEPLOYMENT_TARGET = 7.1;
				SDKROOT = iphoneos;
				TARGETED_DEVICE_FAMILY = "1,2";
				VALIDATE_PRODUCT = YES;
			};
			name = Release;
		};
		FCD0887E18E73B7100C294F3 /* Debug */ = {
			isa = XCBuildConfiguration;
			buildSettings = {
				ASSETCATALOG_COMPILER_APPICON_NAME = AppIcon;
				ASSETCATALOG_COMPILER_LAUNCHIMAGE_NAME = LaunchImage;
				GCC_PRECOMPILE_PREFIX_HEADER = YES;
				GCC_PREFIX_HEADER = "contradiccion/contradiccion-Prefix.pch";
				INFOPLIST_FILE = "contradiccion/contradiccion-Info.plist";
				PRODUCT_NAME = "$(TARGET_NAME)";
				WRAPPER_EXTENSION = app;
			};
			name = Debug;
		};
		FCD0887F18E73B7100C294F3 /* Release */ = {
			isa = XCBuildConfiguration;
			buildSettings = {
				ASSETCATALOG_COMPILER_APPICON_NAME = AppIcon;
				ASSETCATALOG_COMPILER_LAUNCHIMAGE_NAME = LaunchImage;
				GCC_PRECOMPILE_PREFIX_HEADER = YES;
				GCC_PREFIX_HEADER = "contradiccion/contradiccion-Prefix.pch";
				INFOPLIST_FILE = "contradiccion/contradiccion-Info.plist";
				PRODUCT_NAME = "$(TARGET_NAME)";
				WRAPPER_EXTENSION = app;
			};
			name = Release;
		};
		FCD0888118E73B7100C294F3 /* Debug */ = {
			isa = XCBuildConfiguration;
			buildSettings = {
				BUNDLE_LOADER = "$(BUILT_PRODUCTS_DIR)/contradiccion.app/contradiccion";
				FRAMEWORK_SEARCH_PATHS = (
					"$(SDKROOT)/Developer/Library/Frameworks",
					"$(inherited)",
					"$(DEVELOPER_FRAMEWORKS_DIR)",
				);
				GCC_PRECOMPILE_PREFIX_HEADER = YES;
				GCC_PREFIX_HEADER = "contradiccion/contradiccion-Prefix.pch";
				GCC_PREPROCESSOR_DEFINITIONS = (
					"DEBUG=1",
					"$(inherited)",
				);
				INFOPLIST_FILE = "contradiccionTests/contradiccionTests-Info.plist";
				PRODUCT_NAME = "$(TARGET_NAME)";
				TEST_HOST = "$(BUNDLE_LOADER)";
				WRAPPER_EXTENSION = xctest;
			};
			name = Debug;
		};
		FCD0888218E73B7100C294F3 /* Release */ = {
			isa = XCBuildConfiguration;
			buildSettings = {
				BUNDLE_LOADER = "$(BUILT_PRODUCTS_DIR)/contradiccion.app/contradiccion";
				FRAMEWORK_SEARCH_PATHS = (
					"$(SDKROOT)/Developer/Library/Frameworks",
					"$(inherited)",
					"$(DEVELOPER_FRAMEWORKS_DIR)",
				);
				GCC_PRECOMPILE_PREFIX_HEADER = YES;
				GCC_PREFIX_HEADER = "contradiccion/contradiccion-Prefix.pch";
				INFOPLIST_FILE = "contradiccionTests/contradiccionTests-Info.plist";
				PRODUCT_NAME = "$(TARGET_NAME)";
				TEST_HOST = "$(BUNDLE_LOADER)";
				WRAPPER_EXTENSION = xctest;
			};
			name = Release;
		};
/* End XCBuildConfiguration section */

/* Begin XCConfigurationList section */
		FCD0884018E73B7100C294F3 /* Build configuration list for PBXProject "contradiccion" */ = {
			isa = XCConfigurationList;
			buildConfigurations = (
				FCD0887B18E73B7100C294F3 /* Debug */,
				FCD0887C18E73B7100C294F3 /* Release */,
			);
			defaultConfigurationIsVisible = 0;
			defaultConfigurationName = Release;
		};
		FCD0887D18E73B7100C294F3 /* Build configuration list for PBXNativeTarget "contradiccion" */ = {
			isa = XCConfigurationList;
			buildConfigurations = (
				FCD0887E18E73B7100C294F3 /* Debug */,
				FCD0887F18E73B7100C294F3 /* Release */,
			);
			defaultConfigurationIsVisible = 0;
			defaultConfigurationName = Release;
		};
		FCD0888018E73B7100C294F3 /* Build configuration list for PBXNativeTarget "contradiccionTests" */ = {
			isa = XCConfigurationList;
			buildConfigurations = (
				FCD0888118E73B7100C294F3 /* Debug */,
				FCD0888218E73B7100C294F3 /* Release */,
			);
			defaultConfigurationIsVisible = 0;
			defaultConfigurationName = Release;
		};
/* End XCConfigurationList section */
	};
	rootObject = FCD0883D18E73B7100C294F3 /* Project object */;
}
