// !$*UTF8*$!
{
	archiveVersion = 1;
	classes = {
	};
	objectVersion = 46;
	objects = {

/* Begin PBXBuildFile section */
		FC3681D218E7C31300C60961 /* contradiccionMapVCViewController.m in Sources */ = {isa = PBXBuildFile; fileRef = FC3681D118E7C31300C60961 /* contradiccionMapVCViewController.m */; };
		FC3681D418E7C34100C60961 /* MapKit.framework in Frameworks */ = {isa = PBXBuildFile; fileRef = FC3681D318E7C34100C60961 /* MapKit.framework */; };
		FC3681DA18E7C6D400C60961 /* map.png in Resources */ = {isa = PBXBuildFile; fileRef = FC3681D518E7C6D400C60961 /* map.png */; };
		FC3681DB18E7C6D400C60961 /* help.png in Resources */ = {isa = PBXBuildFile; fileRef = FC3681D618E7C6D400C60961 /* help.png */; };
		FC3681DC18E7C6D400C60961 /* home.png in Resources */ = {isa = PBXBuildFile; fileRef = FC3681D718E7C6D400C60961 /* home.png */; };
		FC3681DD18E7C6D400C60961 /* programa.png in Resources */ = {isa = PBXBuildFile; fileRef = FC3681D818E7C6D400C60961 /* programa.png */; };
		FC3681E018E7C95800C60961 /* mariguana.png in Resources */ = {isa = PBXBuildFile; fileRef = FC3681DF18E7C95800C60961 /* mariguana.png */; };
		FC3681E318E7D29100C60961 /* contradiccionTableViewController2.m in Sources */ = {isa = PBXBuildFile; fileRef = FC3681E218E7D29100C60961 /* contradiccionTableViewController2.m */; };
		FC3681E518E7E62200C60961 /* CONTR.jpg in Resources */ = {isa = PBXBuildFile; fileRef = FC3681E418E7E62200C60961 /* CONTR.jpg */; };
		FC3681EA18E7F6B700C60961 /* drogas.png in Resources */ = {isa = PBXBuildFile; fileRef = FC3681E618E7F6B700C60961 /* drogas.png */; };
		FC3681EB18E7F6B700C60961 /* VOTO.png in Resources */ = {isa = PBXBuildFile; fileRef = FC3681E718E7F6B700C60961 /* VOTO.png */; };
		FC3681EC18E7F6B700C60961 /* MAPAFINAL.png in Resources */ = {isa = PBXBuildFile; fileRef = FC3681E818E7F6B700C60961 /* MAPAFINAL.png */; };
		FC3681ED18E7F6B700C60961 /* APOYATE.png in Resources */ = {isa = PBXBuildFile; fileRef = FC3681E918E7F6B700C60961 /* APOYATE.png */; };
		FC3681F118E879C900C60961 /* alucilogenas.png in Resources */ = {isa = PBXBuildFile; fileRef = FC3681EE18E879C900C60961 /* alucilogenas.png */; };
		FC3681F218E879C900C60961 /* emergentes.png in Resources */ = {isa = PBXBuildFile; fileRef = FC3681EF18E879C900C60961 /* emergentes.png */; };
		FC3681F318E879C900C60961 /* estimulantes.png in Resources */ = {isa = PBXBuildFile; fileRef = FC3681F018E879C900C60961 /* estimulantes.png */; };
		FC3681F518E879EE00C60961 /* sinteticas.png in Resources */ = {isa = PBXBuildFile; fileRef = FC3681F418E879EE00C60961 /* sinteticas.png */; };
		FC3681F718E87A9000C60961 /* natural.png in Resources */ = {isa = PBXBuildFile; fileRef = FC3681F618E87A9000C60961 /* natural.png */; };
		FC3681FB18E8813E00C60961 /* efectos.png in Resources */ = {isa = PBXBuildFile; fileRef = FC3681F818E8813E00C60961 /* efectos.png */; };
		FC3681FC18E8813E00C60961 /* efectos2.png in Resources */ = {isa = PBXBuildFile; fileRef = FC3681F918E8813E00C60961 /* efectos2.png */; };
		FC3681FD18E8813E00C60961 /* nps.png in Resources */ = {isa = PBXBuildFile; fileRef = FC3681FA18E8813E00C60961 /* nps.png */; };
		FC3681FF18E8827F00C60961 /* mariguana efecto emocional.png in Resources */ = {isa = PBXBuildFile; fileRef = FC3681FE18E8827F00C60961 /* mariguana efecto emocional.png */; };
		FC36820118E888AD00C60961 /* ICONO.png in Resources */ = {isa = PBXBuildFile; fileRef = FC36820018E888AD00C60961 /* ICONO.png */; };
		FC6E61B818E8961900D3BB95 /* ICONO29.png in Resources */ = {isa = PBXBuildFile; fileRef = FC6E61B118E8961900D3BB95 /* ICONO29.png */; };
		FC6E61B918E8961900D3BB95 /* ICONO40.png in Resources */ = {isa = PBXBuildFile; fileRef = FC6E61B218E8961900D3BB95 /* ICONO40.png */; };
		FC6E61BA18E8961900D3BB95 /* ICONO58.png in Resources */ = {isa = PBXBuildFile; fileRef = FC6E61B318E8961900D3BB95 /* ICONO58.png */; };
		FC6E61BB18E8961900D3BB95 /* ICONO76.png in Resources */ = {isa = PBXBuildFile; fileRef = FC6E61B418E8961900D3BB95 /* ICONO76.png */; };
		FC6E61BC18E8961900D3BB95 /* ICONO80.png in Resources */ = {isa = PBXBuildFile; fileRef = FC6E61B518E8961900D3BB95 /* ICONO80.png */; };
		FC6E61BD18E8961900D3BB95 /* ICONO120.png in Resources */ = {isa = PBXBuildFile; fileRef = FC6E61B618E8961900D3BB95 /* ICONO120.png */; };
		FC6E61BE18E8961900D3BB95 /* ICONO152.png in Resources */ = {isa = PBXBuildFile; fileRef = FC6E61B718E8961900D3BB95 /* ICONO152.png */; };
		FC6E61C018E89BE700D3BB95 /* PAGINAAYUDA.png in Resources */ = {isa = PBXBuildFile; fileRef = FC6E61BF18E89BE700D3BB95 /* PAGINAAYUDA.png */; };
		FC6E61C418E89EFB00D3BB95 /* estadi.png in Resources */ = {isa = PBXBuildFile; fileRef = FC6E61C318E89EFB00D3BB95 /* estadi.png */; };
		FC6E61C618E89FD600D3BB95 /* evolution300.png in Resources */ = {isa = PBXBuildFile; fileRef = FC6E61C518E89FD600D3BB95 /* evolution300.png */; };
		FC6E61CD18E8B45F00D3BB95 /* contradiccionViewController.m in Sources */ = {isa = PBXBuildFile; fileRef = FC6E61CC18E8B45F00D3BB95 /* contradiccionViewController.m */; };
		FCD0884918E73B7100C294F3 /* Foundation.framework in Frameworks */ = {isa = PBXBuildFile; fileRef = FCD0884818E73B7100C294F3 /* Foundation.framework */; };
		FCD0884B18E73B7100C294F3 /* CoreGraphics.framework in Frameworks */ = {isa = PBXBuildFile; fileRef = FCD0884A18E73B7100C294F3 /* CoreGraphics.framework */; };
		FCD0884D18E73B7100C294F3 /* UIKit.framework in Frameworks */ = {isa = PBXBuildFile; fileRef = FCD0884C18E73B7100C294F3 /* UIKit.framework */; };
		FCD0885318E73B7100C294F3 /* InfoPlist.strings in Resources */ = {isa = PBXBuildFile; fileRef = FCD0885118E73B7100C294F3 /* InfoPlist.strings */; };
		FCD0885518E73B7100C294F3 /* main.m in Sources */ = {isa = PBXBuildFile; fileRef = FCD0885418E73B7100C294F3 /* main.m */; };
		FCD0885918E73B7100C294F3 /* contradiccionAppDelegate.m in Sources */ = {isa = PBXBuildFile; fileRef = FCD0885818E73B7100C294F3 /* contradiccionAppDelegate.m */; };
		FCD0885C18E73B7100C294F3 /* Main_iPhone.storyboard in Resources */ = {isa = PBXBuildFile; fileRef = FCD0885A18E73B7100C294F3 /* Main_iPhone.storyboard */; };
		FCD0885F18E73B7100C294F3 /* Main_iPad.storyboard in Resources */ = {isa = PBXBuildFile; fileRef = FCD0885D18E73B7100C294F3 /* Main_iPad.storyboard */; };
		FCD0886718E73B7100C294F3 /* Images.xcassets in Resources */ = {isa = PBXBuildFile; fileRef = FCD0886618E73B7100C294F3 /* Images.xcassets */; };
		FCD0886E18E73B7100C294F3 /* XCTest.framework in Frameworks */ = {isa = PBXBuildFile; fileRef = FCD0886D18E73B7100C294F3 /* XCTest.framework */; };
		FCD0886F18E73B7100C294F3 /* Foundation.framework in Frameworks */ = {isa = PBXBuildFile; fileRef = FCD0884818E73B7100C294F3 /* Foundation.framework */; };
		FCD0887018E73B7100C294F3 /* UIKit.framework in Frameworks */ = {isa = PBXBuildFile; fileRef = FCD0884C18E73B7100C294F3 /* UIKit.framework */; };
		FCD0887818E73B7100C294F3 /* InfoPlist.strings in Resources */ = {isa = PBXBuildFile; fileRef = FCD0887618E73B7100C294F3 /* InfoPlist.strings */; };
		FCD0887A18E73B7100C294F3 /* contradiccionTests.m in Sources */ = {isa = PBXBuildFile; fileRef = FCD0887918E73B7100C294F3 /* contradiccionTests.m */; };
		FCD0888518E73D1400C294F3 /* contradiccionHomeTVC.m in Sources */ = {isa = PBXBuildFile; fileRef = FCD0888418E73D1400C294F3 /* contradiccionHomeTVC.m */; };
/* End PBXBuildFile section */

/* Begin PBXContainerItemProxy section */
		FCD0887118E73B7100C294F3 /* PBXContainerItemProxy */ = {
			isa = PBXContainerItemProxy;
			containerPortal = FCD0883D18E73B7100C294F3 /* Project object */;
			proxyType = 1;
			remoteGlobalIDString = FCD0884418E73B7100C294F3;
			remoteInfo = contradiccion;
		};
/* End PBXContainerItemProxy section */

/* Begin PBXFileReference section */
		FC3681D018E7C31300C60961 /* contradiccionMapVCViewController.h */ = {isa = PBXFileReference; fileEncoding = 4; lastKnownFileType = sourcecode.c.h; path = contradiccionMapVCViewController.h; sourceTree = "<group>"; };
		FC3681D118E7C31300C60961 /* contradiccionMapVCViewController.m */ = {isa = PBXFileReference; fileEncoding = 4; lastKnownFileType = sourcecode.c.objc; path = contradiccionMapVCViewController.m; sourceTree = "<group>"; };
		FC3681D318E7C34100C60961 /* MapKit.framework */ = {isa = PBXFileReference; lastKnownFileType = wrapper.framework; name = MapKit.framework; path = System/Library/Frameworks/MapKit.framework; sourceTree = SDKROOT; };
		FC3681D518E7C6D400C60961 /* map.png */ = {isa = PBXFileReference; lastKnownFileType = image.png; name = map.png; path = ../../../../../Downloads/contradiccion/map.png; sourceTree = "<group>"; };
		FC3681D618E7C6D400C60961 /* help.png */ = {isa = PBXFileReference; lastKnownFileType = image.png; name = help.png; path = ../../../../../Downloads/contradiccion/help.png; sourceTree = "<group>"; };
		FC3681D718E7C6D400C60961 /* home.png */ = {isa = PBXFileReference; lastKnownFileType = image.png; name = home.png; path = ../../../../../Downloads/contradiccion/home.png; sourceTree = "<group>"; };
		FC3681D818E7C6D400C60961 /* programa.png */ = {isa = PBXFileReference; lastKnownFileType = image.png; name = programa.png; path = ../../../../../Downloads/contradiccion/programa.png; sourceTree = "<group>"; };
		FC3681DF18E7C95800C60961 /* mariguana.png */ = {isa = PBXFileReference; lastKnownFileType = image.png; name = mariguana.png; path = ../../../../../Downloads/contradiccion/mariguana.png; sourceTree = "<group>"; };
		FC3681E118E7D29100C60961 /* contradiccionTableViewController2.h */ = {isa = PBXFileReference; fileEncoding = 4; lastKnownFileType = sourcecode.c.h; path = contradiccionTableViewController2.h; sourceTree = "<group>"; };
		FC3681E218E7D29100C60961 /* contradiccionTableViewController2.m */ = {isa = PBXFileReference; fileEncoding = 4; lastKnownFileType = sourcecode.c.objc; path = contradiccionTableViewController2.m; sourceTree = "<group>"; };
		FC3681E418E7E62200C60961 /* CONTR.jpg */ = {isa = PBXFileReference; lastKnownFileType = image.jpeg; name = CONTR.jpg; path = ../../../../../Downloads/contradiccion/CONTR.jpg; sourceTree = "<group>"; };
		FC3681E618E7F6B700C60961 /* drogas.png */ = {isa = PBXFileReference; lastKnownFileType = image.png; name = drogas.png; path = "../../../../../Downloads/contradiccion(1)/drogas.png"; sourceTree = "<group>"; };
		FC3681E718E7F6B700C60961 /* VOTO.png */ = {isa = PBXFileReference; lastKnownFileType = image.png; name = VOTO.png; path = "../../../../../Downloads/contradiccion(1)/VOTO.png"; sourceTree = "<group>"; };
		FC3681E818E7F6B700C60961 /* MAPAFINAL.png */ = {isa = PBXFileReference; lastKnownFileType = image.png; name = MAPAFINAL.png; path = "../../../../../Downloads/contradiccion(1)/MAPAFINAL.png"; sourceTree = "<group>"; };
		FC3681E918E7F6B700C60961 /* APOYATE.png */ = {isa = PBXFileReference; lastKnownFileType = image.png; name = APOYATE.png; path = "../../../../../Downloads/contradiccion(1)/APOYATE.png"; sourceTree = "<group>"; };
		FC3681EE18E879C900C60961 /* alucilogenas.png */ = {isa = PBXFileReference; lastKnownFileType = image.png; name = alucilogenas.png; path = ../../../../../Downloads/Dropbox/alucilogenas.png; sourceTree = "<group>"; };
		FC3681EF18E879C900C60961 /* emergentes.png */ = {isa = PBXFileReference; lastKnownFileType = image.png; name = emergentes.png; path = ../../../../../Downloads/Dropbox/emergentes.png; sourceTree = "<group>"; };
		FC3681F018E879C900C60961 /* estimulantes.png */ = {isa = PBXFileReference; lastKnownFileType = image.png; name = estimulantes.png; path = ../../../../../Downloads/Dropbox/estimulantes.png; sourceTree = "<group>"; };
		FC3681F418E879EE00C60961 /* sinteticas.png */ = {isa = PBXFileReference; lastKnownFileType = image.png; name = sinteticas.png; path = ../../../../../Downloads/Dropbox/sinteticas.png; sourceTree = "<group>"; };
		FC3681F618E87A9000C60961 /* natural.png */ = {isa = PBXFileReference; lastKnownFileType = image.png; name = natural.png; path = ../../../../../Downloads/Dropbox/natural.png; sourceTree = "<group>"; };
		FC3681F818E8813E00C60961 /* efectos.png */ = {isa = PBXFileReference; lastKnownFileType = image.png; name = efectos.png; path = ../../../../../Downloads/efectos.png; sourceTree = "<group>"; };
		FC3681F918E8813E00C60961 /* efectos2.png */ = {isa = PBXFileReference; lastKnownFileType = image.png; name = efectos2.png; path = ../../../../../Downloads/efectos2.png; sourceTree = "<group>"; };
		FC3681FA18E8813E00C60961 /* nps.png */ = {isa = PBXFileReference; lastKnownFileType = image.png; name = nps.png; path = ../../../../../Downloads/nps.png; sourceTree = "<group>"; };
		FC3681FE18E8827F00C60961 /* mariguana efecto emocional.png */ = {isa = PBXFileReference; lastKnownFileType = image.png; name = "mariguana efecto emocional.png"; path = "../../../../../Downloads/mariguana efecto emocional.png"; sourceTree = "<group>"; };
		FC36820018E888AD00C60961 /* ICONO.png */ = {isa = PBXFileReference; lastKnownFileType = image.png; name = ICONO.png; path = ../../../../../Downloads/ICONO.png; sourceTree = "<group>"; };
		FC6E61B118E8961900D3BB95 /* ICONO29.png */ = {isa = PBXFileReference; lastKnownFileType = image.png; name = ICONO29.png; path = ../../../../../Downloads/ICONO29.png; sourceTree = "<group>"; };
		FC6E61B218E8961900D3BB95 /* ICONO40.png */ = {isa = PBXFileReference; lastKnownFileType = image.png; name = ICONO40.png; path = ../../../../../Downloads/ICONO40.png; sourceTree = "<group>"; };
		FC6E61B318E8961900D3BB95 /* ICONO58.png */ = {isa = PBXFileReference; lastKnownFileType = image.png; name = ICONO58.png; path = ../../../../../Downloads/ICONO58.png; sourceTree = "<group>"; };
		FC6E61B418E8961900D3BB95 /* ICONO76.png */ = {isa = PBXFileReference; lastKnownFileType = image.png; name = ICONO76.png; path = ../../../../../Downloads/ICONO76.png; sourceTree = "<group>"; };
		FC6E61B518E8961900D3BB95 /* ICONO80.png */ = {isa = PBXFileReference; lastKnownFileType = image.png; name = ICONO80.png; path = ../../../../../Downloads/ICONO80.png; sourceTree = "<group>"; };
		FC6E61B618E8961900D3BB95 /* ICONO120.png */ = {isa = PBXFileReference; lastKnownFileType = image.png; name = ICONO120.png; path = ../../../../../Downloads/ICONO120.png; sourceTree = "<group>"; };
		FC6E61B718E8961900D3BB95 /* ICONO152.png */ = {isa = PBXFileReference; lastKnownFileType = image.png; name = ICONO152.png; path = ../../../../../Downloads/ICONO152.png; sourceTree = "<group>"; };
		FC6E61BF18E89BE700D3BB95 /* PAGINAAYUDA.png */ = {isa = PBXFileReference; lastKnownFileType = image.png; name = PAGINAAYUDA.png; path = ../../../../../Downloads/PAGINAAYUDA.png; sourceTree = "<group>"; };
		FC6E61C318E89EFB00D3BB95 /* estadi.png */ = {isa = PBXFileReference; lastKnownFileType = image.png; name = estadi.png; path = ../../../../../Downloads/estadi.png; sourceTree = "<group>"; };
		FC6E61C518E89FD600D3BB95 /* evolution300.png */ = {isa = PBXFileReference; lastKnownFileType = image.png; name = evolution300.png; path = ../../../../../Downloads/evolution300.png; sourceTree = "<group>"; };
		FC6E61CB18E8B45F00D3BB95 /* contradiccionViewController.h */ = {isa = PBXFileReference; fileEncoding = 4; lastKnownFileType = sourcecode.c.h; path = contradiccionViewController.h; sourceTree = "<group>"; };
		FC6E61CC18E8B45F00D3BB95 /* contradiccionViewController.m */ = {isa = PBXFileReference; fileEncoding = 4; lastKnownFileType = sourcecode.c.objc; path = contradiccionViewController.m; sourceTree = "<group>"; };
		FCD0884518E73B7100C294F3 /* contradiccion.app */ = {isa = PBXFileReference; explicitFileType = wrapper.application; includeInIndex = 0; path = contradiccion.app; sourceTree = BUILT_PRODUCTS_DIR; };
		FCD0884818E73B7100C294F3 /* Foundation.framework */ = {isa = PBXFileReference; lastKnownFileType = wrapper.framework; name = Foundation.framework; path = System/Library/Frameworks/Foundation.framework; sourceTree = SDKROOT; };
		FCD0884A18E73B7100C294F3 /* CoreGraphics.framework */ = {isa = PBXFileReference; lastKnownFileType = wrapper.framework; name = CoreGraphics.framework; path = System/Library/Frameworks/CoreGraphics.framework; sourceTree = SDKROOT; };
		FCD0884C18E73B7100C294F3 /* UIKit.framework */ = {isa = PBXFileReference; lastKnownFileType = wrapper.framework; name = UIKit.framework; path = System/Library/Frameworks/UIKit.framework; sourceTree = SDKROOT; };
		FCD0885018E73B7100C294F3 /* contradiccion-Info.plist */ = {isa = PBXFileReference; lastKnownFileType = text.plist.xml; path = "contradiccion-Info.plist"; sourceTree = "<group>"; };
		FCD0885218E73B7100C294F3 /* en */ = {isa = PBXFileReference; lastKnownFileType = text.plist.strings; name = en; path = en.lproj/InfoPlist.strings; sourceTree = "<group>"; };
		FCD0885418E73B7100C294F3 /* main.m */ = {isa = PBXFileReference; lastKnownFileType = sourcecode.c.objc; path = main.m; sourceTree = "<group>"; };
		FCD0885618E73B7100C294F3 /* contradiccion-Prefix.pch */ = {isa = PBXFileReference; lastKnownFileType = sourcecode.c.h; path = "contradiccion-Prefix.pch"; sourceTree = "<group>"; };
		FCD0885718E73B7100C294F3 /* contradiccionAppDelegate.h */ = {isa = PBXFileReference; lastKnownFileType = sourcecode.c.h; path = contradiccionAppDelegate.h; sourceTree = "<group>"; };
		FCD0885818E73B7100C294F3 /* contradiccionAppDelegate.m */ = {isa = PBXFileReference; lastKnownFileType = sourcecode.c.objc; path = contradiccionAppDelegate.m; sourceTree = "<group>"; };
		FCD0885B18E73B7100C294F3 /* Base */ = {isa = PBXFileReference; lastKnownFileType = file.storyboard; name = Base; path = Base.lproj/Main_iPhone.storyboard; sourceTree = "<group>"; };
		FCD0885E18E73B7100C294F3 /* Base */ = {isa = PBXFileReference; lastKnownFileType = file.storyboard; name = Base; path = Base.lproj/Main_iPad.storyboard; sourceTree = "<group>"; };
		FCD0886618E73B7100C294F3 /* Images.xcassets */ = {isa = PBXFileReference; lastKnownFileType = folder.assetcatalog; path = Images.xcassets; sourceTree = "<group>"; };
		FCD0886C18E73B7100C294F3 /* contradiccionTests.xctest */ = {isa = PBXFileReference; explicitFileType = wrapper.cfbundle; includeInIndex = 0; path = contradiccionTests.xctest; sourceTree = BUILT_PRODUCTS_DIR; };
		FCD0886D18E73B7100C294F3 /* XCTest.framework */ = {isa = PBXFileReference; lastKnownFileType = wrapper.framework; name = XCTest.framework; path = Library/Frameworks/XCTest.framework; sourceTree = DEVELOPER_DIR; };
		FCD0887518E73B7100C294F3 /* contradiccionTests-Info.plist */ = {isa = PBXFileReference; lastKnownFileType = text.plist.xml; path = "contradiccionTests-Info.plist"; sourceTree = "<group>"; };
		FCD0887718E73B7100C294F3 /* en */ = {isa = PBXFileReference; lastKnownFileType = text.plist.strings; name = en; path = en.lproj/InfoPlist.strings; sourceTree = "<group>"; };
		FCD0887918E73B7100C294F3 /* contradiccionTests.m */ = {isa = PBXFileReference; lastKnownFileType = sourcecode.c.objc; path = contradiccionTests.m; sourceTree = "<group>"; };
		FCD0888318E73D1400C294F3 /* contradiccionHomeTVC.h */ = {isa = PBXFileReference; fileEncoding = 4; lastKnownFileType = sourcecode.c.h; path = contradiccionHomeTVC.h; sourceTree = "<group>"; };
		FCD0888418E73D1400C294F3 /* contradiccionHomeTVC.m */ = {isa = PBXFileReference; fileEncoding = 4; lastKnownFileType = sourcecode.c.objc; path = contradiccionHomeTVC.m; sourceTree = "<group>"; };
/* End PBXFileReference section */

/* Begin PBXFrameworksBuildPhase section */
		FCD0884218E73B7100C294F3 /* Frameworks */ = {
			isa = PBXFrameworksBuildPhase;
			buildActionMask = 2147483647;
			files = (
				FC3681D418E7C34100C60961 /* MapKit.framework in Frameworks */,
				FCD0884B18E73B7100C294F3 /* CoreGraphics.framework in Frameworks */,
				FCD0884D18E73B7100C294F3 /* UIKit.framework in Frameworks */,
				FCD0884918E73B7100C294F3 /* Foundation.framework in Frameworks */,
			);
			runOnlyForDeploymentPostprocessing = 0;
		};
		FCD0886918E73B7100C294F3 /* Frameworks */ = {
			isa = PBXFrameworksBuildPhase;
			buildActionMask = 2147483647;
			files = (
				FCD0886E18E73B7100C294F3 /* XCTest.framework in Frameworks */,
				FCD0887018E73B7100C294F3 /* UIKit.framework in Frameworks */,
				FCD0886F18E73B7100C294F3 /* Foundation.framework in Frameworks */,
			);
			runOnlyForDeploymentPostprocessing = 0;
		};
/* End PBXFrameworksBuildPhase section */

/* Begin PBXGroup section */
		FC6E61CA18E8B42600D3BB95 /* imagenes */ = {
			isa = PBXGroup;
			children = (
				FC6E61C518E89FD600D3BB95 /* evolution300.png */,
				FC6E61C318E89EFB00D3BB95 /* estadi.png */,
				FC6E61BF18E89BE700D3BB95 /* PAGINAAYUDA.png */,
				FC6E61B118E8961900D3BB95 /* ICONO29.png */,
				FC6E61B218E8961900D3BB95 /* ICONO40.png */,
				FC6E61B318E8961900D3BB95 /* ICONO58.png */,
				FC6E61B418E8961900D3BB95 /* ICONO76.png */,
				FC6E61B518E8961900D3BB95 /* ICONO80.png */,
				FC6E61B618E8961900D3BB95 /* ICONO120.png */,
				FC6E61B718E8961900D3BB95 /* ICONO152.png */,
				FC36820018E888AD00C60961 /* ICONO.png */,
				FC3681FE18E8827F00C60961 /* mariguana efecto emocional.png */,
				FC3681F818E8813E00C60961 /* efectos.png */,
				FC3681F918E8813E00C60961 /* efectos2.png */,
				FC3681FA18E8813E00C60961 /* nps.png */,
				FC3681F618E87A9000C60961 /* natural.png */,
				FC3681F418E879EE00C60961 /* sinteticas.png */,
				FC3681EE18E879C900C60961 /* alucilogenas.png */,
				FC3681EF18E879C900C60961 /* emergentes.png */,
				FC3681F018E879C900C60961 /* estimulantes.png */,
				FC3681E618E7F6B700C60961 /* drogas.png */,
				FC3681E718E7F6B700C60961 /* VOTO.png */,
				FC3681E818E7F6B700C60961 /* MAPAFINAL.png */,
				FC3681E918E7F6B700C60961 /* APOYATE.png */,
				FC3681E418E7E62200C60961 /* CONTR.jpg */,
				FC3681DF18E7C95800C60961 /* mariguana.png */,
				FC3681D518E7C6D400C60961 /* map.png */,
				FC3681D618E7C6D400C60961 /* help.png */,
				FC3681D718E7C6D400C60961 /* home.png */,
				FC3681D818E7C6D400C60961 /* programa.png */,
			);
			name = imagenes;
			sourceTree = "<group>";
		};
		FCD0883C18E73B7100C294F3 = {
			isa = PBXGroup;
			children = (
				FCD0884E18E73B7100C294F3 /* contradiccion */,
				FCD0887318E73B7100C294F3 /* contradiccionTests */,
				FCD0884718E73B7100C294F3 /* Frameworks */,
				FCD0884618E73B7100C294F3 /* Products */,
			);
			sourceTree = "<group>";
		};
		FCD0884618E73B7100C294F3 /* Products */ = {
			isa = PBXGroup;
			children = (
				FCD0884518E73B7100C294F3 /* contradiccion.app */,
				FCD0886C18E73B7100C294F3 /* contradiccionTests.xctest */,
			);
			name = Products;
			sourceTree = "<group>";
		};
		FCD0884718E73B7100C294F3 /* Frameworks */ = {
			isa = PBXGroup;
			children = (
				FC3681D318E7C34100C60961 /* MapKit.framework */,
				FCD0884818E73B7100C294F3 /* Foundation.framework */,
				FCD0884A18E73B7100C294F3 /* CoreGraphics.framework */,
				FCD0884C18E73B7100C294F3 /* UIKit.framework */,
				FCD0886D18E73B7100C294F3 /* XCTest.framework */,
			);
			name = Frameworks;
			sourceTree = "<group>";
		};
		FCD0884E18E73B7100C294F3 /* contradiccion */ = {
			isa = PBXGroup;
			children = (
				FC6E61CA18E8B42600D3BB95 /* imagenes */,
				FCD0885718E73B7100C294F3 /* contradiccionAppDelegate.h */,
				FCD0885818E73B7100C294F3 /* contradiccionAppDelegate.m */,
				FCD0885A18E73B7100C294F3 /* Main_iPhone.storyboard */,
				FCD0885D18E73B7100C294F3 /* Main_iPad.storyboard */,
				FCD0886618E73B7100C294F3 /* Images.xcassets */,
				FCD0884F18E73B7100C294F3 /* Supporting Files */,
				FCD0888318E73D1400C294F3 /* contradiccionHomeTVC.h */,
				FCD0888418E73D1400C294F3 /* contradiccionHomeTVC.m */,
				FC3681D018E7C31300C60961 /* contradiccionMapVCViewController.h */,
				FC3681D118E7C31300C60961 /* contradiccionMapVCViewController.m */,
				FC3681E118E7D29100C60961 /* contradiccionTableViewController2.h */,
				FC3681E218E7D29100C60961 /* contradiccionTableViewController2.m */,
				FC6E61CB18E8B45F00D3BB95 /* contradiccionViewController.h */,
				FC6E61CC18E8B45F00D3BB95 /* contradiccionViewController.m */,
			);
			path = contradiccion;
			sourceTree = "<group>";
		};
		FCD0884F18E73B7100C294F3 /* Supporting Files */ = {
			isa = PBXGroup;
			children = (
				FCD0885018E73B7100C294F3 /* contradiccion-Info.plist */,
				FCD0885118E73B7100C294F3 /* InfoPlist.strings */,
				FCD0885418E73B7100C294F3 /* main.m */,
				FCD0885618E73B7100C294F3 /* contradiccion-Prefix.pch */,
			);
			name = "Supporting Files";
			sourceTree = "<group>";
		};
		FCD0887318E73B7100C294F3 /* contradiccionTests */ = {
			isa = PBXGroup;
			children = (
				FCD0887918E73B7100C294F3 /* contradiccionTests.m */,
				FCD0887418E73B7100C294F3 /* Supporting Files */,
			);
			path = contradiccionTests;
			sourceTree = "<group>";
		};
		FCD0887418E73B7100C294F3 /* Supporting Files */ = {
			isa = PBXGroup;
			children = (
				FCD0887518E73B7100C294F3 /* contradiccionTests-Info.plist */,
				FCD0887618E73B7100C294F3 /* InfoPlist.strings */,
			);
			name = "Supporting Files";
			sourceTree = "<group>";
		};
/* End PBXGroup section */

/* Begin PBXNativeTarget section */
		FCD0884418E73B7100C294F3 /* contradiccion */ = {
			isa = PBXNativeTarget;
			buildConfigurationList = FCD0887D18E73B7100C294F3 /* Build configuration list for PBXNativeTarget "contradiccion" */;
			buildPhases = (
				FCD0884118E73B7100C294F3 /* Sources */,
				FCD0884218E73B7100C294F3 /* Frameworks */,
				FCD0884318E73B7100C294F3 /* Resources */,
			);
			buildRules = (
			);
			dependencies = (
			);
			name = contradiccion;
			productName = contradiccion;
			productReference = FCD0884518E73B7100C294F3 /* contradiccion.app */;
			productType = "com.apple.product-type.application";
		};
		FCD0886B18E73B7100C294F3 /* contradiccionTests */ = {
			isa = PBXNativeTarget;
			buildConfigurationList = FCD0888018E73B7100C294F3 /* Build configuration list for PBXNativeTarget "contradiccionTests" */;
			buildPhases = (
				FCD0886818E73B7100C294F3 /* Sources */,
				FCD0886918E73B7100C294F3 /* Frameworks */,
				FCD0886A18E73B7100C294F3 /* Resources */,
			);
			buildRules = (
			);
			dependencies = (
				FCD0887218E73B7100C294F3 /* PBXTargetDependency */,
			);
			name = contradiccionTests;
			productName = contradiccionTests;
			productReference = FCD0886C18E73B7100C294F3 /* contradiccionTests.xctest */;
			productType = "com.apple.product-type.bundle.unit-test";
		};
/* End PBXNativeTarget section */

/* Begin PBXProject section */
		FCD0883D18E73B7100C294F3 /* Project object */ = {
			isa = PBXProject;
			attributes = {
				CLASSPREFIX = contradiccion;
				LastUpgradeCheck = 0510;
				ORGANIZATIONNAME = azarateo;
				TargetAttributes = {
					FCD0886B18E73B7100C294F3 = {
						TestTargetID = FCD0884418E73B7100C294F3;
					};
				};
			};
			buildConfigurationList = FCD0884018E73B7100C294F3 /* Build configuration list for PBXProject "contradiccion" */;
			compatibilityVersion = "Xcode 3.2";
			developmentRegion = English;
			hasScannedForEncodings = 0;
			knownRegions = (
				en,
				Base,
			);
			mainGroup = FCD0883C18E73B7100C294F3;
			productRefGroup = FCD0884618E73B7100C294F3 /* Products */;
			projectDirPath = "";
			projectRoot = "";
			targets = (
				FCD0884418E73B7100C294F3 /* contradiccion */,
				FCD0886B18E73B7100C294F3 /* contradiccionTests */,
			);
		};
/* End PBXProject section */

/* Begin PBXResourcesBuildPhase section */
		FCD0884318E73B7100C294F3 /* Resources */ = {
			isa = PBXResourcesBuildPhase;
			buildActionMask = 2147483647;
			files = (
				FC3681FF18E8827F00C60961 /* mariguana efecto emocional.png in Resources */,
				FC3681F518E879EE00C60961 /* sinteticas.png in Resources */,
				FC3681F218E879C900C60961 /* emergentes.png in Resources */,
				FC6E61B818E8961900D3BB95 /* ICONO29.png in Resources */,
				FC3681EA18E7F6B700C60961 /* drogas.png in Resources */,
				FC36820118E888AD00C60961 /* ICONO.png in Resources */,
				FC6E61C418E89EFB00D3BB95 /* estadi.png in Resources */,
				FC6E61C018E89BE700D3BB95 /* PAGINAAYUDA.png in Resources */,
				FC3681DD18E7C6D400C60961 /* programa.png in Resources */,
				FC6E61C618E89FD600D3BB95 /* evolution300.png in Resources */,
				FC6E61BE18E8961900D3BB95 /* ICONO152.png in Resources */,
				FCD0885F18E73B7100C294F3 /* Main_iPad.storyboard in Resources */,
				FC3681FC18E8813E00C60961 /* efectos2.png in Resources */,
				FC6E61BA18E8961900D3BB95 /* ICONO58.png in Resources */,
				FC3681EB18E7F6B700C60961 /* VOTO.png in Resources */,
				FCD0886718E73B7100C294F3 /* Images.xcassets in Resources */,
				FC6E61BC18E8961900D3BB95 /* ICONO80.png in Resources */,
				FC3681DC18E7C6D400C60961 /* home.png in Resources */,
				FC3681FD18E8813E00C60961 /* nps.png in Resources */,
				FC3681E518E7E62200C60961 /* CONTR.jpg in Resources */,
				FC6E61BD18E8961900D3BB95 /* ICONO120.png in Resources */,
				FC6E61BB18E8961900D3BB95 /* ICONO76.png in Resources */,
				FC3681F318E879C900C60961 /* estimulantes.png in Resources */,
				FC3681DB18E7C6D400C60961 /* help.png in Resources */,
				FC3681FB18E8813E00C60961 /* efectos.png in Resources */,
				FCD0885C18E73B7100C294F3 /* Main_iPhone.storyboard in Resources */,
				FC3681ED18E7F6B700C60961 /* APOYATE.png in Resources */,
				FC3681F118E879C900C60961 /* alucilogenas.png in Resources */,
				FC3681F718E87A9000C60961 /* natural.png in Resources */,
				FC3681EC18E7F6B700C60961 /* MAPAFINAL.png in Resources */,
				FCD0885318E73B7100C294F3 /* InfoPlist.strings in Resources */,
				FC3681E018E7C95800C60961 /* mariguana.png in Resources */,
				FC6E61B918E8961900D3BB95 /* ICONO40.png in Resources */,
				FC3681DA18E7C6D400C60961 /* map.png in Resources */,
			);
			runOnlyForDeploymentPostprocessing = 0;
		};
		FCD0886A18E73B7100C294F3 /* Resources */ = {
			isa = PBXResourcesBuildPhase;
			buildActionMask = 2147483647;
			files = (
				FCD0887818E73B7100C294F3 /* InfoPlist.strings in Resources */,
			);
			runOnlyForDeploymentPostprocessing = 0;
		};
/* End PBXResourcesBuildPhase section */

/* Begin PBXSourcesBuildPhase section */
		FCD0884118E73B7100C294F3 /* Sources */ = {
			isa = PBXSourcesBuildPhase;
			buildActionMask = 2147483647;
			files = (
				FCD0888518E73D1400C294F3 /* contradiccionHomeTVC.m in Sources */,
				FCD0885518E73B7100C294F3 /* main.m in Sources */,
				FCD0885918E73B7100C294F3 /* contradiccionAppDelegate.m in Sources */,
				FC3681D218E7C31300C60961 /* contradiccionMapVCViewController.m in Sources */,
				FC3681E318E7D29100C60961 /* contradiccionTableViewController2.m in Sources */,
				FC6E61CD18E8B45F00D3BB95 /* contradiccionViewController.m in Sources */,
			);
			runOnlyForDeploymentPostprocessing = 0;
		};
		FCD0886818E73B7100C294F3 /* Sources */ = {
			isa = PBXSourcesBuildPhase;
			buildActionMask = 2147483647;
			files = (
				FCD0887A18E73B7100C294F3 /* contradiccionTests.m in Sources */,
			);
			runOnlyForDeploymentPostprocessing = 0;
		};
/* End PBXSourcesBuildPhase section */

/* Begin PBXTargetDependency section */
		FCD0887218E73B7100C294F3 /* PBXTargetDependency */ = {
			isa = PBXTargetDependency;
			target = FCD0884418E73B7100C294F3 /* contradiccion */;
			targetProxy = FCD0887118E73B7100C294F3 /* PBXContainerItemProxy */;
		};
/* End PBXTargetDependency section */

/* Begin PBXVariantGroup section */
		FCD0885118E73B7100C294F3 /* InfoPlist.strings */ = {
			isa = PBXVariantGroup;
			children = (
				FCD0885218E73B7100C294F3 /* en */,
			);
			name = InfoPlist.strings;
			sourceTree = "<group>";
		};
		FCD0885A18E73B7100C294F3 /* Main_iPhone.storyboard */ = {
			isa = PBXVariantGroup;
			children = (
				FCD0885B18E73B7100C294F3 /* Base */,
			);
			name = Main_iPhone.storyboard;
			sourceTree = "<group>";
		};
		FCD0885D18E73B7100C294F3 /* Main_iPad.storyboard */ = {
			isa = PBXVariantGroup;
			children = (
				FCD0885E18E73B7100C294F3 /* Base */,
			);
			name = Main_iPad.storyboard;
			sourceTree = "<group>";
		};
		FCD0887618E73B7100C294F3 /* InfoPlist.strings */ = {
			isa = PBXVariantGroup;
			children = (
				FCD0887718E73B7100C294F3 /* en */,
			);
			name = InfoPlist.strings;
			sourceTree = "<group>";
		};
/* End PBXVariantGroup section */

/* Begin XCBuildConfiguration section */
		FCD0887B18E73B7100C294F3 /* Debug */ = {
			isa = XCBuildConfiguration;
			buildSettings = {
				ALWAYS_SEARCH_USER_PATHS = NO;
				CLANG_CXX_LANGUAGE_STANDARD = "gnu++0x";
				CLANG_CXX_LIBRARY = "libc++";
				CLANG_ENABLE_MODULES = YES;
				CLANG_ENABLE_OBJC_ARC = YES;
				CLANG_WARN_BOOL_CONVERSION = YES;
				CLANG_WARN_CONSTANT_CONVERSION = YES;
				CLANG_WARN_DIRECT_OBJC_ISA_USAGE = YES_ERROR;
				CLANG_WARN_EMPTY_BODY = YES;
				CLANG_WARN_ENUM_CONVERSION = YES;
				CLANG_WARN_INT_CONVERSION = YES;
				CLANG_WARN_OBJC_ROOT_CLASS = YES_ERROR;
				CLANG_WARN__DUPLICATE_METHOD_MATCH = YES;
				"CODE_SIGN_IDENTITY[sdk=iphoneos*]" = "iPhone Developer";
				COPY_PHASE_STRIP = NO;
				GCC_C_LANGUAGE_STANDARD = gnu99;
				GCC_DYNAMIC_NO_PIC = NO;
				GCC_OPTIMIZATION_LEVEL = 0;
				GCC_PREPROCESSOR_DEFINITIONS = (
					"DEBUG=1",
					"$(inherited)",
				);
				GCC_SYMBOLS_PRIVATE_EXTERN = NO;
				GCC_WARN_64_TO_32_BIT_CONVERSION = YES;
				GCC_WARN_ABOUT_RETURN_TYPE = YES_ERROR;
				GCC_WARN_UNDECLARED_SELECTOR = YES;
				GCC_WARN_UNINITIALIZED_AUTOS = YES_AGGRESSIVE;
				GCC_WARN_UNUSED_FUNCTION = YES;
				GCC_WARN_UNUSED_VARIABLE = YES;
				IPHONEOS_DEPLOYMENT_TARGET = 7.1;
				ONLY_ACTIVE_ARCH = YES;
				SDKROOT = iphoneos;
				TARGETED_DEVICE_FAMILY = "1,2";
			};
			name = Debug;
		};
		FCD0887C18E73B7100C294F3 /* Release */ = {
			isa = XCBuildConfiguration;
			buildSettings = {
				ALWAYS_SEARCH_USER_PATHS = NO;
				CLANG_CXX_LANGUAGE_STANDARD = "gnu++0x";
				CLANG_CXX_LIBRARY = "libc++";
				CLANG_ENABLE_MODULES = YES;
				CLANG_ENABLE_OBJC_ARC = YES;
				CLANG_WARN_BOOL_CONVERSION = YES;
				CLANG_WARN_CONSTANT_CONVERSION = YES;
				CLANG_WARN_DIRECT_OBJC_ISA_USAGE = YES_ERROR;
				CLANG_WARN_EMPTY_BODY = YES;
				CLANG_WARN_ENUM_CONVERSION = YES;
				CLANG_WARN_INT_CONVERSION = YES;
				CLANG_WARN_OBJC_ROOT_CLASS = YES_ERROR;
				CLANG_WARN__DUPLICATE_METHOD_MATCH = YES;
				"CODE_SIGN_IDENTITY[sdk=iphoneos*]" = "iPhone Developer";
				COPY_PHASE_STRIP = YES;
				ENABLE_NS_ASSERTIONS = NO;
				GCC_C_LANGUAGE_STANDARD = gnu99;
				GCC_WARN_64_TO_32_BIT_CONVERSION = YES;
				GCC_WARN_ABOUT_RETURN_TYPE = YES_ERROR;
				GCC_WARN_UNDECLARED_SELECTOR = YES;
				GCC_WARN_UNINITIALIZED_AUTOS = YES_AGGRESSIVE;
				GCC_WARN_UNUSED_FUNCTION = YES;
				GCC_WARN_UNUSED_VARIABLE = YES;
				IPHONEOS_DEPLOYMENT_TARGET = 7.1;
				SDKROOT = iphoneos;
				TARGETED_DEVICE_FAMILY = "1,2";
				VALIDATE_PRODUCT = YES;
			};
			name = Release;
		};
		FCD0887E18E73B7100C294F3 /* Debug */ = {
			isa = XCBuildConfiguration;
			buildSettings = {
				ASSETCATALOG_COMPILER_APPICON_NAME = AppIcon;
				ASSETCATALOG_COMPILER_LAUNCHIMAGE_NAME = LaunchImage;
				GCC_PRECOMPILE_PREFIX_HEADER = YES;
				GCC_PREFIX_HEADER = "contradiccion/contradiccion-Prefix.pch";
				INFOPLIST_FILE = "contradiccion/contradiccion-Info.plist";
				PRODUCT_NAME = "$(TARGET_NAME)";
				WRAPPER_EXTENSION = app;
			};
			name = Debug;
		};
		FCD0887F18E73B7100C294F3 /* Release */ = {
			isa = XCBuildConfiguration;
			buildSettings = {
				ASSETCATALOG_COMPILER_APPICON_NAME = AppIcon;
				ASSETCATALOG_COMPILER_LAUNCHIMAGE_NAME = LaunchImage;
				GCC_PRECOMPILE_PREFIX_HEADER = YES;
				GCC_PREFIX_HEADER = "contradiccion/contradiccion-Prefix.pch";
				INFOPLIST_FILE = "contradiccion/contradiccion-Info.plist";
				PRODUCT_NAME = "$(TARGET_NAME)";
				WRAPPER_EXTENSION = app;
			};
			name = Release;
		};
		FCD0888118E73B7100C294F3 /* Debug */ = {
			isa = XCBuildConfiguration;
			buildSettings = {
				BUNDLE_LOADER = "$(BUILT_PRODUCTS_DIR)/contradiccion.app/contradiccion";
				FRAMEWORK_SEARCH_PATHS = (
					"$(SDKROOT)/Developer/Library/Frameworks",
					"$(inherited)",
					"$(DEVELOPER_FRAMEWORKS_DIR)",
				);
				GCC_PRECOMPILE_PREFIX_HEADER = YES;
				GCC_PREFIX_HEADER = "contradiccion/contradiccion-Prefix.pch";
				GCC_PREPROCESSOR_DEFINITIONS = (
					"DEBUG=1",
					"$(inherited)",
				);
				INFOPLIST_FILE = "contradiccionTests/contradiccionTests-Info.plist";
				PRODUCT_NAME = "$(TARGET_NAME)";
				TEST_HOST = "$(BUNDLE_LOADER)";
				WRAPPER_EXTENSION = xctest;
			};
			name = Debug;
		};
		FCD0888218E73B7100C294F3 /* Release */ = {
			isa = XCBuildConfiguration;
			buildSettings = {
				BUNDLE_LOADER = "$(BUILT_PRODUCTS_DIR)/contradiccion.app/contradiccion";
				FRAMEWORK_SEARCH_PATHS = (
					"$(SDKROOT)/Developer/Library/Frameworks",
					"$(inherited)",
					"$(DEVELOPER_FRAMEWORKS_DIR)",
				);
				GCC_PRECOMPILE_PREFIX_HEADER = YES;
				GCC_PREFIX_HEADER = "contradiccion/contradiccion-Prefix.pch";
				INFOPLIST_FILE = "contradiccionTests/contradiccionTests-Info.plist";
				PRODUCT_NAME = "$(TARGET_NAME)";
				TEST_HOST = "$(BUNDLE_LOADER)";
				WRAPPER_EXTENSION = xctest;
			};
			name = Release;
		};
/* End XCBuildConfiguration section */

/* Begin XCConfigurationList section */
		FCD0884018E73B7100C294F3 /* Build configuration list for PBXProject "contradiccion" */ = {
			isa = XCConfigurationList;
			buildConfigurations = (
				FCD0887B18E73B7100C294F3 /* Debug */,
				FCD0887C18E73B7100C294F3 /* Release */,
			);
			defaultConfigurationIsVisible = 0;
			defaultConfigurationName = Release;
		};
		FCD0887D18E73B7100C294F3 /* Build configuration list for PBXNativeTarget "contradiccion" */ = {
			isa = XCConfigurationList;
			buildConfigurations = (
				FCD0887E18E73B7100C294F3 /* Debug */,
				FCD0887F18E73B7100C294F3 /* Release */,
			);
			defaultConfigurationIsVisible = 0;
			defaultConfigurationName = Release;
		};
		FCD0888018E73B7100C294F3 /* Build configuration list for PBXNativeTarget "contradiccionTests" */ = {
			isa = XCConfigurationList;
			buildConfigurations = (
				FCD0888118E73B7100C294F3 /* Debug */,
				FCD0888218E73B7100C294F3 /* Release */,
			);
			defaultConfigurationIsVisible = 0;
			defaultConfigurationName = Release;
		};
/* End XCConfigurationList section */
	};
	rootObject = FCD0883D18E73B7100C294F3 /* Project object */;
}
